// !$*UTF8*$!
{
	archiveVersion = 1;
	classes = {
	};
	objectVersion = 48;
	objects = {

/* Begin PBXBuildFile section */
		54216F9B214A4BA8006A208E /* CMxFileAccess.cpp in Sources */ = {isa = PBXBuildFile; fileRef = 54216F99214A4BA8006A208E /* CMxFileAccess.cpp */; };
		54216F9C214A4BA8006A208E /* CMxFileAccess.h in Headers */ = {isa = PBXBuildFile; fileRef = 54216F9A214A4BA8006A208E /* CMxFileAccess.h */; };
		5431D202214CC9AF0083FAD1 /* MxCoreD.dylib in Frameworks */ = {isa = PBXBuildFile; fileRef = 5431D203214CC9AF0083FAD1 /* MxCoreD.dylib */; };
/* End PBXBuildFile section */

/* Begin PBXFileReference section */
		54216F81214A3C4F006A208E /* libMxFileSystemD.dylib */ = {isa = PBXFileReference; explicitFileType = "compiled.mach-o.dylib"; includeInIndex = 0; path = libMxFileSystemD.dylib; sourceTree = BUILT_PRODUCTS_DIR; };
		54216F99214A4BA8006A208E /* CMxFileAccess.cpp */ = {isa = PBXFileReference; lastKnownFileType = sourcecode.cpp.cpp; path = CMxFileAccess.cpp; sourceTree = "<group>"; };
		54216F9A214A4BA8006A208E /* CMxFileAccess.h */ = {isa = PBXFileReference; lastKnownFileType = sourcecode.c.h; path = CMxFileAccess.h; sourceTree = "<group>"; };
		5431D1FF214CC7E00083FAD1 /* libMxCoreD.dylib */ = {isa = PBXFileReference; explicitFileType = "compiled.mach-o.dylib"; path = libMxCoreD.dylib; sourceTree = BUILT_PRODUCTS_DIR; };
		5431D201214CC90C0083FAD1 /* MxCoreD.dylib */ = {isa = PBXFileReference; explicitFileType = "compiled.mach-o.dylib"; path = MxCoreD.dylib; sourceTree = BUILT_PRODUCTS_DIR; };
		5431D203214CC9AF0083FAD1 /* MxCoreD.dylib */ = {isa = PBXFileReference; explicitFileType = "compiled.mach-o.dylib"; path = MxCoreD.dylib; sourceTree = BUILT_PRODUCTS_DIR; };
/* End PBXFileReference section */

/* Begin PBXFrameworksBuildPhase section */
		54216F7E214A3C4F006A208E /* Frameworks */ = {
			isa = PBXFrameworksBuildPhase;
			buildActionMask = 2147483647;
			files = (
				5431D202214CC9AF0083FAD1 /* MxCoreD.dylib in Frameworks */,
			);
			runOnlyForDeploymentPostprocessing = 0;
		};
/* End PBXFrameworksBuildPhase section */

/* Begin PBXGroup section */
		54216F78214A3C4F006A208E = {
			isa = PBXGroup;
			children = (
				54216F99214A4BA8006A208E /* CMxFileAccess.cpp */,
				54216F9A214A4BA8006A208E /* CMxFileAccess.h */,
				54216F82214A3C4F006A208E /* Products */,
				5431D1FD214CC7E00083FAD1 /* Frameworks */,
			);
			sourceTree = "<group>";
		};
		54216F82214A3C4F006A208E /* Products */ = {
			isa = PBXGroup;
			children = (
				54216F81214A3C4F006A208E /* libMxFileSystemD.dylib */,
			);
			name = Products;
			sourceTree = "<group>";
		};
		5431D1FD214CC7E00083FAD1 /* Frameworks */ = {
			isa = PBXGroup;
			children = (
				5431D203214CC9AF0083FAD1 /* MxCoreD.dylib */,
				5431D201214CC90C0083FAD1 /* MxCoreD.dylib */,
				5431D1FF214CC7E00083FAD1 /* libMxCoreD.dylib */,
			);
			name = Frameworks;
			sourceTree = "<group>";
		};
/* End PBXGroup section */

/* Begin PBXHeadersBuildPhase section */
		54216F7F214A3C4F006A208E /* Headers */ = {
			isa = PBXHeadersBuildPhase;
			buildActionMask = 2147483647;
			files = (
				54216F9C214A4BA8006A208E /* CMxFileAccess.h in Headers */,
			);
			runOnlyForDeploymentPostprocessing = 0;
		};
/* End PBXHeadersBuildPhase section */

/* Begin PBXNativeTarget section */
		54216F80214A3C4F006A208E /* MxFileSystem */ = {
			isa = PBXNativeTarget;
			buildConfigurationList = 54216F8C214A3C4F006A208E /* Build configuration list for PBXNativeTarget "MxFileSystem" */;
			buildPhases = (
				54216F7D214A3C4F006A208E /* Sources */,
				54216F7E214A3C4F006A208E /* Frameworks */,
				54216F7F214A3C4F006A208E /* Headers */,
			);
			buildRules = (
			);
			dependencies = (
			);
			name = MxFileSystem;
			productName = MxFileSystem;
			productReference = 54216F81214A3C4F006A208E /* libMxFileSystemD.dylib */;
			productType = "com.apple.product-type.library.dynamic";
		};
/* End PBXNativeTarget section */

/* Begin PBXProject section */
		54216F79214A3C4F006A208E /* Project object */ = {
			isa = PBXProject;
			attributes = {
				LastUpgradeCheck = 0900;
				ORGANIZATIONNAME = lixiaopeng;
				TargetAttributes = {
					54216F80214A3C4F006A208E = {
						CreatedOnToolsVersion = 9.0;
						ProvisioningStyle = Automatic;
					};
				};
			};
			buildConfigurationList = 54216F7C214A3C4F006A208E /* Build configuration list for PBXProject "MxFileSystem" */;
			compatibilityVersion = "Xcode 8.0";
			developmentRegion = en;
			hasScannedForEncodings = 0;
			knownRegions = (
				en,
			);
			mainGroup = 54216F78214A3C4F006A208E;
			productRefGroup = 54216F82214A3C4F006A208E /* Products */;
			projectDirPath = "";
			projectRoot = "";
			targets = (
				54216F80214A3C4F006A208E /* MxFileSystem */,
			);
		};
/* End PBXProject section */

/* Begin PBXSourcesBuildPhase section */
		54216F7D214A3C4F006A208E /* Sources */ = {
			isa = PBXSourcesBuildPhase;
			buildActionMask = 2147483647;
			files = (
				54216F9B214A4BA8006A208E /* CMxFileAccess.cpp in Sources */,
			);
			runOnlyForDeploymentPostprocessing = 0;
		};
/* End PBXSourcesBuildPhase section */

/* Begin XCBuildConfiguration section */
		54216F8A214A3C4F006A208E /* Debug */ = {
			isa = XCBuildConfiguration;
			buildSettings = {
				ALWAYS_SEARCH_USER_PATHS = NO;
				CLANG_ANALYZER_NONNULL = YES;
				CLANG_ANALYZER_NUMBER_OBJECT_CONVERSION = YES_AGGRESSIVE;
				CLANG_CXX_LANGUAGE_STANDARD = "gnu++14";
				CLANG_CXX_LIBRARY = "libc++";
				CLANG_ENABLE_MODULES = YES;
				CLANG_ENABLE_OBJC_ARC = YES;
				CLANG_WARN_BLOCK_CAPTURE_AUTORELEASING = YES;
				CLANG_WARN_BOOL_CONVERSION = YES;
				CLANG_WARN_COMMA = YES;
				CLANG_WARN_CONSTANT_CONVERSION = YES;
				CLANG_WARN_DIRECT_OBJC_ISA_USAGE = YES_ERROR;
				CLANG_WARN_DOCUMENTATION_COMMENTS = YES;
				CLANG_WARN_EMPTY_BODY = YES;
				CLANG_WARN_ENUM_CONVERSION = YES;
				CLANG_WARN_INFINITE_RECURSION = YES;
				CLANG_WARN_INT_CONVERSION = YES;
				CLANG_WARN_NON_LITERAL_NULL_CONVERSION = YES;
				CLANG_WARN_OBJC_LITERAL_CONVERSION = YES;
				CLANG_WARN_OBJC_ROOT_CLASS = YES_ERROR;
				CLANG_WARN_RANGE_LOOP_ANALYSIS = YES;
				CLANG_WARN_STRICT_PROTOTYPES = YES;
				CLANG_WARN_SUSPICIOUS_MOVE = YES;
				CLANG_WARN_UNGUARDED_AVAILABILITY = YES_AGGRESSIVE;
				CLANG_WARN_UNREACHABLE_CODE = YES;
				CLANG_WARN__DUPLICATE_METHOD_MATCH = YES;
				CODE_SIGN_IDENTITY = "-";
				COPY_PHASE_STRIP = NO;
				DEBUG_INFORMATION_FORMAT = dwarf;
				ENABLE_STRICT_OBJC_MSGSEND = YES;
				ENABLE_TESTABILITY = YES;
				GCC_C_LANGUAGE_STANDARD = gnu11;
				GCC_DYNAMIC_NO_PIC = NO;
				GCC_NO_COMMON_BLOCKS = YES;
				GCC_OPTIMIZATION_LEVEL = 0;
				GCC_PREPROCESSOR_DEFINITIONS = (
					"DEBUG=1",
					"$(inherited)",
				);
				GCC_WARN_64_TO_32_BIT_CONVERSION = YES;
				GCC_WARN_ABOUT_RETURN_TYPE = YES_ERROR;
				GCC_WARN_UNDECLARED_SELECTOR = YES;
				GCC_WARN_UNINITIALIZED_AUTOS = YES_AGGRESSIVE;
				GCC_WARN_UNUSED_FUNCTION = YES;
				GCC_WARN_UNUSED_VARIABLE = YES;
				MACOSX_DEPLOYMENT_TARGET = 10.12;
				MTL_ENABLE_DEBUG_INFO = YES;
				ONLY_ACTIVE_ARCH = YES;
				SDKROOT = macosx;
			};
			name = Debug;
		};
		54216F8B214A3C4F006A208E /* Release */ = {
			isa = XCBuildConfiguration;
			buildSettings = {
				ALWAYS_SEARCH_USER_PATHS = NO;
				CLANG_ANALYZER_NONNULL = YES;
				CLANG_ANALYZER_NUMBER_OBJECT_CONVERSION = YES_AGGRESSIVE;
				CLANG_CXX_LANGUAGE_STANDARD = "gnu++14";
				CLANG_CXX_LIBRARY = "libc++";
				CLANG_ENABLE_MODULES = YES;
				CLANG_ENABLE_OBJC_ARC = YES;
				CLANG_WARN_BLOCK_CAPTURE_AUTORELEASING = YES;
				CLANG_WARN_BOOL_CONVERSION = YES;
				CLANG_WARN_COMMA = YES;
				CLANG_WARN_CONSTANT_CONVERSION = YES;
				CLANG_WARN_DIRECT_OBJC_ISA_USAGE = YES_ERROR;
				CLANG_WARN_DOCUMENTATION_COMMENTS = YES;
				CLANG_WARN_EMPTY_BODY = YES;
				CLANG_WARN_ENUM_CONVERSION = YES;
				CLANG_WARN_INFINITE_RECURSION = YES;
				CLANG_WARN_INT_CONVERSION = YES;
				CLANG_WARN_NON_LITERAL_NULL_CONVERSION = YES;
				CLANG_WARN_OBJC_LITERAL_CONVERSION = YES;
				CLANG_WARN_OBJC_ROOT_CLASS = YES_ERROR;
				CLANG_WARN_RANGE_LOOP_ANALYSIS = YES;
				CLANG_WARN_STRICT_PROTOTYPES = YES;
				CLANG_WARN_SUSPICIOUS_MOVE = YES;
				CLANG_WARN_UNGUARDED_AVAILABILITY = YES_AGGRESSIVE;
				CLANG_WARN_UNREACHABLE_CODE = YES;
				CLANG_WARN__DUPLICATE_METHOD_MATCH = YES;
				CODE_SIGN_IDENTITY = "-";
				COPY_PHASE_STRIP = NO;
				DEBUG_INFORMATION_FORMAT = "dwarf-with-dsym";
				ENABLE_NS_ASSERTIONS = NO;
				ENABLE_STRICT_OBJC_MSGSEND = YES;
				GCC_C_LANGUAGE_STANDARD = gnu11;
				GCC_NO_COMMON_BLOCKS = YES;
				GCC_WARN_64_TO_32_BIT_CONVERSION = YES;
				GCC_WARN_ABOUT_RETURN_TYPE = YES_ERROR;
				GCC_WARN_UNDECLARED_SELECTOR = YES;
				GCC_WARN_UNINITIALIZED_AUTOS = YES_AGGRESSIVE;
				GCC_WARN_UNUSED_FUNCTION = YES;
				GCC_WARN_UNUSED_VARIABLE = YES;
				MACOSX_DEPLOYMENT_TARGET = 10.12;
				MTL_ENABLE_DEBUG_INFO = NO;
				SDKROOT = macosx;
			};
			name = Release;
		};
		54216F8D214A3C4F006A208E /* Debug */ = {
			isa = XCBuildConfiguration;
			buildSettings = {
				CODE_SIGN_STYLE = Automatic;
				CONFIGURATION_BUILD_DIR = "$(BUILD_DIR)";
				DYLIB_COMPATIBILITY_VERSION = 1;
				DYLIB_CURRENT_VERSION = 1;
				EXECUTABLE_PREFIX = lib;
				GCC_ENABLE_CPP_EXCEPTIONS = YES;
				GCC_ENABLE_CPP_RTTI = YES;
				GCC_INPUT_FILETYPE = sourcecode.cpp.objcpp;
				GCC_SYMBOLS_PRIVATE_EXTERN = YES;
				HEADER_SEARCH_PATHS = (
					../../../include,
					../../../include/ffmpeg/include,
				);
				INSTALL_PATH = "@rpath";
				LD_RUNPATH_SEARCH_PATHS = "@loader_path @executable_path";
				LIBRARY_SEARCH_PATHS = (
					../../../dylib,
					../../../bin/mac/$CONFIGURATION,
				);
				OBJROOT = build;
				PRODUCT_NAME = "$(TARGET_NAME)D";
				SYMROOT = ../../../bin/mac/$CONFIGURATION;
			};
			name = Debug;
		};
		54216F8E214A3C4F006A208E /* Release */ = {
			isa = XCBuildConfiguration;
			buildSettings = {
				CODE_SIGN_STYLE = Automatic;
				CONFIGURATION_BUILD_DIR = "$(BUILD_DIR)";
				DYLIB_COMPATIBILITY_VERSION = 1;
				DYLIB_CURRENT_VERSION = 1;
				EXECUTABLE_PREFIX = lib;
				GCC_ENABLE_CPP_EXCEPTIONS = YES;
				GCC_ENABLE_CPP_RTTI = YES;
				GCC_INPUT_FILETYPE = sourcecode.cpp.objcpp;
				GCC_SYMBOLS_PRIVATE_EXTERN = YES;
				HEADER_SEARCH_PATHS = (
					../../../include,
					../../../include/ffmpeg/include,
				);
				INSTALL_PATH = "@rpath";
				LD_RUNPATH_SEARCH_PATHS = "@loader_path @executable_path";
				LIBRARY_SEARCH_PATHS = (
					../../../dylib,
					../../../bin/mac/$CONFIGURATION,
				);
				OBJROOT = build;
				PRODUCT_NAME = "$(TARGET_NAME)";
				SYMROOT = ../../../bin/mac/$CONFIGURATION;
			};
			name = Release;
		};
/* End XCBuildConfiguration section */

/* Begin XCConfigurationList section */
		54216F7C214A3C4F006A208E /* Build configuration list for PBXProject "MxFileSystem" */ = {
			isa = XCConfigurationList;
			buildConfigurations = (
				54216F8A214A3C4F006A208E /* Debug */,
				54216F8B214A3C4F006A208E /* Release */,
			);
			defaultConfigurationIsVisible = 0;
			defaultConfigurationName = Release;
		};
		54216F8C214A3C4F006A208E /* Build configuration list for PBXNativeTarget "MxFileSystem" */ = {
			isa = XCConfigurationList;
			buildConfigurations = (
				54216F8D214A3C4F006A208E /* Debug */,
				54216F8E214A3C4F006A208E /* Release */,
			);
			defaultConfigurationIsVisible = 0;
			defaultConfigurationName = Release;
		};
/* End XCConfigurationList section */
	};
	rootObject = 54216F79214A3C4F006A208E /* Project object */;
}
