
Microsoft Visual Studio Solution File, Format Version 12.00
# Visual Studio 14
VisualStudioVersion = 14.0.25420.1
MinimumVisualStudioVersion = 10.0.40219.1
Project("{8BC9CEB8-8B4A-11D0-8D11-00A0C91BC942}") = "MyPlayer", "MyPlayer.vcxproj", "{B12702AD-ABFB-343A-A199-8E24837244A3}"
EndProject
Project("{8BC9CEB8-8B4A-11D0-8D11-00A0C91BC942}") = "MxGLTool", "MxGLTool\MxGLTool.vcxproj", "{741C75D6-E461-4473-988D-0C4675169DC8}"
EndProject
Project("{8BC9CEB8-8B4A-11D0-8D11-00A0C91BC942}") = "MxPlayer", "MxPlayer\MxPlayer.vcxproj", "{564703B8-F3ED-45E8-9FA3-416B041DC761}"
EndProject
Project("{8BC9CEB8-8B4A-11D0-8D11-00A0C91BC942}") = "MxCore", "MxCore\MxCore.vcxproj", "{88921253-4275-44E4-B105-DE15EAB7AFF3}"
EndProject
Project("{2150E333-8FDC-42A3-9474-1A3956D46DE8}") = "include", "include", "{658D97BA-FEE8-4474-8782-ADD7F5CB6628}"
	ProjectSection(SolutionItems) = preProject
		include\CMxArray.h = include\CMxArray.h
		include\CMxList.h = include\CMxList.h
		include\CMxQueue.h = include\CMxQueue.h
		include\CMxString.h = include\CMxString.h
		include\MxCodec.h = include\MxCodec.h
		include\MxDllexport.h = include\MxDllexport.h
		include\MxError.h = include\MxError.h
		include\MxGlobal.h = include\MxGlobal.h
		include\MxInterface.h = include\MxInterface.h
		include\MxLog.h = include\MxLog.h
		include\MxMediaDefine.h = include\MxMediaDefine.h
		include\MxMemory.h = include\MxMemory.h
		include\MxObject.h = include\MxObject.h
		include\MxPointer.h = include\MxPointer.h
		include\MxSynchronize.h = include\MxSynchronize.h
		include\MxTypes.h = include\MxTypes.h
	EndProjectSection
EndProject
Project("{8BC9CEB8-8B4A-11D0-8D11-00A0C91BC942}") = "MxCodec", "MxCodec\MxCodec.vcxproj", "{4B1388B5-98F0-4CE8-B504-96124845D140}"
EndProject
Project("{8BC9CEB8-8B4A-11D0-8D11-00A0C91BC942}") = "MxFileSource", "plugin\access\MxFileSource\MxFileSource.vcxproj", "{99F8FD2A-0C8B-4DE5-A689-DC3BCE36368F}"
EndProject
Global
	GlobalSection(SolutionConfigurationPlatforms) = preSolution
		Debug|x64 = Debug|x64
		Debug|x86 = Debug|x86
		Release|x64 = Release|x64
		Release|x86 = Release|x86
	EndGlobalSection
	GlobalSection(ProjectConfigurationPlatforms) = postSolution
		{B12702AD-ABFB-343A-A199-8E24837244A3}.Debug|x64.ActiveCfg = Debug|x64
		{B12702AD-ABFB-343A-A199-8E24837244A3}.Debug|x64.Build.0 = Debug|x64
		{B12702AD-ABFB-343A-A199-8E24837244A3}.Debug|x86.ActiveCfg = Debug|x64
		{B12702AD-ABFB-343A-A199-8E24837244A3}.Release|x64.ActiveCfg = Release|x64
		{B12702AD-ABFB-343A-A199-8E24837244A3}.Release|x64.Build.0 = Release|x64
		{B12702AD-ABFB-343A-A199-8E24837244A3}.Release|x86.ActiveCfg = Release|x64
		{741C75D6-E461-4473-988D-0C4675169DC8}.Debug|x64.ActiveCfg = Debug|x64
		{741C75D6-E461-4473-988D-0C4675169DC8}.Debug|x64.Build.0 = Debug|x64
		{741C75D6-E461-4473-988D-0C4675169DC8}.Debug|x86.ActiveCfg = Debug|Win32
		{741C75D6-E461-4473-988D-0C4675169DC8}.Debug|x86.Build.0 = Debug|Win32
		{741C75D6-E461-4473-988D-0C4675169DC8}.Release|x64.ActiveCfg = Release|x64
		{741C75D6-E461-4473-988D-0C4675169DC8}.Release|x64.Build.0 = Release|x64
		{741C75D6-E461-4473-988D-0C4675169DC8}.Release|x86.ActiveCfg = Release|Win32
		{741C75D6-E461-4473-988D-0C4675169DC8}.Release|x86.Build.0 = Release|Win32
		{564703B8-F3ED-45E8-9FA3-416B041DC761}.Debug|x64.ActiveCfg = Debug|x64
		{564703B8-F3ED-45E8-9FA3-416B041DC761}.Debug|x64.Build.0 = Debug|x64
		{564703B8-F3ED-45E8-9FA3-416B041DC761}.Debug|x86.ActiveCfg = Debug|Win32
		{564703B8-F3ED-45E8-9FA3-416B041DC761}.Debug|x86.Build.0 = Debug|Win32
		{564703B8-F3ED-45E8-9FA3-416B041DC761}.Release|x64.ActiveCfg = Release|x64
		{564703B8-F3ED-45E8-9FA3-416B041DC761}.Release|x64.Build.0 = Release|x64
		{564703B8-F3ED-45E8-9FA3-416B041DC761}.Release|x86.ActiveCfg = Release|Win32
		{564703B8-F3ED-45E8-9FA3-416B041DC761}.Release|x86.Build.0 = Release|Win32
		{88921253-4275-44E4-B105-DE15EAB7AFF3}.Debug|x64.ActiveCfg = Debug|x64
		{88921253-4275-44E4-B105-DE15EAB7AFF3}.Debug|x64.Build.0 = Debug|x64
		{88921253-4275-44E4-B105-DE15EAB7AFF3}.Debug|x86.ActiveCfg = Debug|Win32
		{88921253-4275-44E4-B105-DE15EAB7AFF3}.Debug|x86.Build.0 = Debug|Win32
		{88921253-4275-44E4-B105-DE15EAB7AFF3}.Release|x64.ActiveCfg = Release|x64
		{88921253-4275-44E4-B105-DE15EAB7AFF3}.Release|x64.Build.0 = Release|x64
		{88921253-4275-44E4-B105-DE15EAB7AFF3}.Release|x86.ActiveCfg = Release|Win32
		{88921253-4275-44E4-B105-DE15EAB7AFF3}.Release|x86.Build.0 = Release|Win32
		{4B1388B5-98F0-4CE8-B504-96124845D140}.Debug|x64.ActiveCfg = Debug|x64
		{4B1388B5-98F0-4CE8-B504-96124845D140}.Debug|x64.Build.0 = Debug|x64
		{4B1388B5-98F0-4CE8-B504-96124845D140}.Debug|x86.ActiveCfg = Debug|Win32
		{4B1388B5-98F0-4CE8-B504-96124845D140}.Debug|x86.Build.0 = Debug|Win32
		{4B1388B5-98F0-4CE8-B504-96124845D140}.Release|x64.ActiveCfg = Release|x64
		{4B1388B5-98F0-4CE8-B504-96124845D140}.Release|x64.Build.0 = Release|x64
		{4B1388B5-98F0-4CE8-B504-96124845D140}.Release|x86.ActiveCfg = Release|Win32
		{4B1388B5-98F0-4CE8-B504-96124845D140}.Release|x86.Build.0 = Release|Win32
		{99F8FD2A-0C8B-4DE5-A689-DC3BCE36368F}.Debug|x64.ActiveCfg = Debug|x64
		{99F8FD2A-0C8B-4DE5-A689-DC3BCE36368F}.Debug|x64.Build.0 = Debug|x64
		{99F8FD2A-0C8B-4DE5-A689-DC3BCE36368F}.Debug|x86.ActiveCfg = Debug|Win32
		{99F8FD2A-0C8B-4DE5-A689-DC3BCE36368F}.Debug|x86.Build.0 = Debug|Win32
		{99F8FD2A-0C8B-4DE5-A689-DC3BCE36368F}.Release|x64.ActiveCfg = Release|x64
		{99F8FD2A-0C8B-4DE5-A689-DC3BCE36368F}.Release|x64.Build.0 = Release|x64
		{99F8FD2A-0C8B-4DE5-A689-DC3BCE36368F}.Release|x86.ActiveCfg = Release|Win32
		{99F8FD2A-0C8B-4DE5-A689-DC3BCE36368F}.Release|x86.Build.0 = Release|Win32
	EndGlobalSection
	GlobalSection(SolutionProperties) = preSolution
		HideSolutionNode = FALSE
	EndGlobalSection
EndGlobal
