// !$*UTF8*$!
{
	archiveVersion = 1;
	classes = {
	};
	objectVersion = 46;
	objects = {

/* Begin PBXAggregateTarget section */
		6F57EF0397459C12A69B54F6 /* Qt Preprocess */ = {
			isa = PBXAggregateTarget;
			buildConfigurationList = 6CC3B5D2136C7CD6A5CF5A59 /* Build configuration list for PBXNativeTarget "MyPlayer" */;
			buildPhases = (
				5E618435888B9D49F8540165 /* Qt Qmake */,
				7EF0942E79C014DCEC8976BC /* Qt Preprocessors */,
			);
			dependencies = (
			);
			name = "Qt Preprocess";
			productName = "Qt Preprocess";
		};
/* End PBXAggregateTarget section */

/* Begin PBXBuildFile section */
		546950912122E1230055ED67 /* QtWidgets.framework in Link Binary With Libraries */ = {isa = PBXBuildFile; fileRef = 546950902122E1230055ED67 /* QtWidgets.framework */; };
		54C3C54A2125A0C9009736A1 /* Cocoa.framework in Link Binary With Libraries */ = {isa = PBXBuildFile; fileRef = 54C3C5492125A0C9009736A1 /* Cocoa.framework */; };
		54D6AB432131259D00B78108 /* main.cpp in Compile Sources */ = {isa = PBXBuildFile; fileRef = 54D6AB422131259D00B78108 /* main.cpp */; };
		54D6AB5721338E1800B78108 /* stdafx.cpp in Compile Sources */ = {isa = PBXBuildFile; fileRef = 54D6AB5621338E1800B78108 /* stdafx.cpp */; };
		54D6AB672133C95200B78108 /* libMxCoreD.dylib in Link Binary With Libraries */ = {isa = PBXBuildFile; fileRef = 54C3C5B4212A5C64009736A1 /* libMxCoreD.dylib */; };
		54D6AB682133C97500B78108 /* libMxGLToolD.dylib in Link Binary With Libraries */ = {isa = PBXBuildFile; fileRef = 54C3C5D1212A5D74009736A1 /* libMxGLToolD.dylib */; };
		54D6AB692133C97800B78108 /* libMxPlayerD.dylib in Link Binary With Libraries */ = {isa = PBXBuildFile; fileRef = 54C3C61B212AF077009736A1 /* libMxPlayerD.dylib */; };
		54E2FACA2137EDDB00574698 /* MainWidget.cpp in Compile Sources */ = {isa = PBXBuildFile; fileRef = 54E2FAC82137EDDB00574698 /* MainWidget.cpp */; };
		54E2FACC2137EF2B00574698 /* moc_MainWidget.cpp in Compile Sources */ = {isa = PBXBuildFile; fileRef = 54E2FACB2137EF2A00574698 /* moc_MainWidget.cpp */; };
		8771A8C96E9C391044035D99 /* OpenGL.framework in Link Binary With Libraries */ = {isa = PBXBuildFile; fileRef = D4B32C2222F82AC56BADEB21 /* OpenGL.framework */; };
		8D267F2E4776F0ECA2F49DC8 /* IOKit.framework in Link Binary With Libraries */ = {isa = PBXBuildFile; fileRef = A1A67BEAA744704B29168D39 /* IOKit.framework */; };
		994A1BD1E426A09088330BE9 /* QtCore.framework in Link Binary With Libraries */ = {isa = PBXBuildFile; fileRef = 53A1666EF2EC8D8B83CC35FC /* QtCore.framework */; };
		A99B2AA0F9CBBDD12BA126A4 /* DiskArbitration.framework in Link Binary With Libraries */ = {isa = PBXBuildFile; fileRef = 2B774D8E4178765CE52EAAF5 /* DiskArbitration.framework */; };
		B07889C7F41764965C901BA2 /* dummy.cpp in Compile Sources */ = {isa = PBXBuildFile; fileRef = 12A9559A7F50D57FB891AC7C /* dummy.cpp */; settings = {ATTRIBUTES = (); }; };
		C21018B3553C3BF64ECA6651 /* QtGui.framework in Link Binary With Libraries */ = {isa = PBXBuildFile; fileRef = 34C3CC745F9A46849F0F12A2 /* QtGui.framework */; };
		E45E51A644D5FC9F942ECE55 /* AGL.framework in Link Binary With Libraries */ = {isa = PBXBuildFile; fileRef = 8D9815BDB5BD9F90D2BC05C5 /* AGL.framework */; };
/* End PBXBuildFile section */

/* Begin PBXContainerItemProxy section */
		54685473213FED9100B2F121 /* PBXContainerItemProxy */ = {
			isa = PBXContainerItemProxy;
			containerPortal = 5468546E213FED8F00B2F121 /* MxFileSource.xcodeproj */;
			proxyType = 2;
			remoteGlobalIDString = 54685460213FED8F00B2F121;
			remoteInfo = MxFileSource;
		};
		5469508F2122E0530055ED67 /* PBXContainerItemProxy */ = {
			isa = PBXContainerItemProxy;
			containerPortal = 6DB9C3763D02B1415CD9D565 /* Project object */;
			proxyType = 1;
			remoteGlobalIDString = 6F57EF0397459C12A69B54F6;
			remoteInfo = "Qt Preprocess";
		};
		54BC8E79213E22F300FDAFE1 /* PBXContainerItemProxy */ = {
			isa = PBXContainerItemProxy;
			containerPortal = 54BC8E74213E22F200FDAFE1 /* MxMov.xcodeproj */;
			proxyType = 2;
			remoteGlobalIDString = 54BC8E66213E22F200FDAFE1;
			remoteInfo = MxMov;
		};
		54C3C5B3212A5C64009736A1 /* PBXContainerItemProxy */ = {
			isa = PBXContainerItemProxy;
			containerPortal = 54C3C5AF212A5C62009736A1 /* MxCore.xcodeproj */;
			proxyType = 2;
			remoteGlobalIDString = 54C3C5A1212A5C62009736A1;
			remoteInfo = MxCore;
		};
		54C3C5D0212A5D74009736A1 /* PBXContainerItemProxy */ = {
			isa = PBXContainerItemProxy;
			containerPortal = 54C3C5CC212A5D72009736A1 /* MxGLTool.xcodeproj */;
			proxyType = 2;
			remoteGlobalIDString = 54C3C5BE212A5D72009736A1;
			remoteInfo = MxGLTool;
		};
		54C3C61A212AF077009736A1 /* PBXContainerItemProxy */ = {
			isa = PBXContainerItemProxy;
			containerPortal = 54C3C616212AF075009736A1 /* MxPlayer.xcodeproj */;
			proxyType = 2;
			remoteGlobalIDString = 54C3C608212AF075009736A1;
			remoteInfo = MxPlayer;
		};
		54D6AB612133C71200B78108 /* PBXContainerItemProxy */ = {
			isa = PBXContainerItemProxy;
			containerPortal = 54C3C616212AF075009736A1 /* MxPlayer.xcodeproj */;
			proxyType = 1;
			remoteGlobalIDString = 54C3C607212AF075009736A1;
			remoteInfo = MxPlayer;
		};
		54D6AB632133C71200B78108 /* PBXContainerItemProxy */ = {
			isa = PBXContainerItemProxy;
			containerPortal = 54C3C5CC212A5D72009736A1 /* MxGLTool.xcodeproj */;
			proxyType = 1;
			remoteGlobalIDString = 54C3C5BD212A5D72009736A1;
			remoteInfo = MxGLTool;
		};
		54D6AB652133C71200B78108 /* PBXContainerItemProxy */ = {
			isa = PBXContainerItemProxy;
			containerPortal = 54C3C5AF212A5C62009736A1 /* MxCore.xcodeproj */;
			proxyType = 1;
			remoteGlobalIDString = 54C3C5A0212A5C62009736A1;
			remoteInfo = MxCore;
		};
		54DD15892137C13C006EE7EC /* PBXContainerItemProxy */ = {
			isa = PBXContainerItemProxy;
			containerPortal = 54DD15852137C13B006EE7EC /* MxCodec.xcodeproj */;
			proxyType = 2;
			remoteGlobalIDString = 54DD154D2137BF57006EE7EC;
			remoteInfo = MxCodec;
		};
/* End PBXContainerItemProxy section */

/* Begin PBXCopyFilesBuildPhase section */
		99542592E9780B9225F24AA8 /* Embed Frameworks */ = {
			isa = PBXCopyFilesBuildPhase;
			buildActionMask = 2147483647;
			dstPath = "";
			dstSubfolderSpec = 10;
			files = (
			);
			name = "Embed Frameworks";
			runOnlyForDeploymentPostprocessing = 0;
		};
/* End PBXCopyFilesBuildPhase section */

/* Begin PBXFileReference section */
		12A9559A7F50D57FB891AC7C /* dummy.cpp */ = {isa = PBXFileReference; lastKnownFileType = sourcecode.cpp.cpp; name = dummy.cpp; path = /usr/local/Cellar/qt/5.11.1/mkspecs/features/data/dummy.cpp; sourceTree = "<absolute>"; };
		2B774D8E4178765CE52EAAF5 /* DiskArbitration.framework */ = {isa = PBXFileReference; lastKnownFileType = wrapper.framework; name = DiskArbitration.framework; path = /System/Library/Frameworks/DiskArbitration.framework; sourceTree = "<absolute>"; };
		34C3CC745F9A46849F0F12A2 /* QtGui.framework */ = {isa = PBXFileReference; lastKnownFileType = wrapper.framework; name = QtGui.framework; path = /usr/local/Cellar/qt/5.11.1/lib/QtGui.framework; sourceTree = "<absolute>"; };
		53A1666EF2EC8D8B83CC35FC /* QtCore.framework */ = {isa = PBXFileReference; lastKnownFileType = wrapper.framework; name = QtCore.framework; path = /usr/local/Cellar/qt/5.11.1/lib/QtCore.framework; sourceTree = "<absolute>"; };
		5426A6E7213E67CE001745C4 /* MxPlayer.h */ = {isa = PBXFileReference; fileEncoding = 4; lastKnownFileType = sourcecode.c.h; name = MxPlayer.h; path = include/MxPlayer.h; sourceTree = SOURCE_ROOT; };
		5434155A21413FEC009FBC13 /* CMxString.h */ = {isa = PBXFileReference; fileEncoding = 4; lastKnownFileType = sourcecode.c.h; name = CMxString.h; path = include/CMxString.h; sourceTree = SOURCE_ROOT; };
		5468546E213FED8F00B2F121 /* MxFileSource.xcodeproj */ = {isa = PBXFileReference; lastKnownFileType = "wrapper.pb-project"; name = MxFileSource.xcodeproj; path = plugin/access/MxFileSource/MxFileSource.xcodeproj; sourceTree = "<group>"; };
		546950902122E1230055ED67 /* QtWidgets.framework */ = {isa = PBXFileReference; lastKnownFileType = wrapper.framework; name = QtWidgets.framework; path = ../../../../usr/local/Cellar/qt/5.11.1/lib/QtWidgets.framework; sourceTree = "<group>"; };
		546950922122E2150055ED67 /* libavdevice.58.dylib */ = {isa = PBXFileReference; lastKnownFileType = "compiled.mach-o.dylib"; name = libavdevice.58.dylib; path = ffmpeg/lib/libavdevice.58.dylib; sourceTree = "<group>"; };
		546950932122E2150055ED67 /* libavfilter.7.dylib */ = {isa = PBXFileReference; lastKnownFileType = "compiled.mach-o.dylib"; name = libavfilter.7.dylib; path = ffmpeg/lib/libavfilter.7.dylib; sourceTree = "<group>"; };
		546950942122E2150055ED67 /* libavutil.56.dylib */ = {isa = PBXFileReference; lastKnownFileType = "compiled.mach-o.dylib"; name = libavutil.56.dylib; path = ffmpeg/lib/libavutil.56.dylib; sourceTree = "<group>"; };
		546950952122E2150055ED67 /* libavformat.58.dylib */ = {isa = PBXFileReference; lastKnownFileType = "compiled.mach-o.dylib"; name = libavformat.58.dylib; path = ffmpeg/lib/libavformat.58.dylib; sourceTree = "<group>"; };
		546950962122E2150055ED67 /* libavcodec.58.dylib */ = {isa = PBXFileReference; lastKnownFileType = "compiled.mach-o.dylib"; name = libavcodec.58.dylib; path = ffmpeg/lib/libavcodec.58.dylib; sourceTree = "<group>"; };
		546950972122E2150055ED67 /* libpostproc.55.dylib */ = {isa = PBXFileReference; lastKnownFileType = "compiled.mach-o.dylib"; name = libpostproc.55.dylib; path = ffmpeg/lib/libpostproc.55.dylib; sourceTree = "<group>"; };
		546950982122E2150055ED67 /* libswresample.3.dylib */ = {isa = PBXFileReference; lastKnownFileType = "compiled.mach-o.dylib"; name = libswresample.3.dylib; path = ffmpeg/lib/libswresample.3.dylib; sourceTree = "<group>"; };
		546950992122E2150055ED67 /* libswscale.5.dylib */ = {isa = PBXFileReference; lastKnownFileType = "compiled.mach-o.dylib"; name = libswscale.5.dylib; path = ffmpeg/lib/libswscale.5.dylib; sourceTree = "<group>"; };
		546950A52122F35D0055ED67 /* stdafx.h */ = {isa = PBXFileReference; lastKnownFileType = sourcecode.c.h; path = stdafx.h; sourceTree = "<group>"; };
		546950B82124556F0055ED67 /* Template.h */ = {isa = PBXFileReference; lastKnownFileType = sourcecode.c.h; path = Template.h; sourceTree = "<group>"; };
		546DA9432145FE3200DF99E3 /* MxGlobal.h */ = {isa = PBXFileReference; fileEncoding = 4; lastKnownFileType = sourcecode.c.h; name = MxGlobal.h; path = include/MxGlobal.h; sourceTree = SOURCE_ROOT; };
		546DA9472145FE3200DF99E3 /* MxSystem.h */ = {isa = PBXFileReference; fileEncoding = 4; lastKnownFileType = sourcecode.c.h; name = MxSystem.h; path = include/MxSystem.h; sourceTree = SOURCE_ROOT; };
		546DA9592146394C00DF99E3 /* MxCpu.h */ = {isa = PBXFileReference; fileEncoding = 4; lastKnownFileType = sourcecode.c.h; name = MxCpu.h; path = include/MxCpu.h; sourceTree = SOURCE_ROOT; };
		54BC8792213FA9490042350E /* CMxList.h */ = {isa = PBXFileReference; fileEncoding = 4; lastKnownFileType = sourcecode.c.h; name = CMxList.h; path = include/CMxList.h; sourceTree = SOURCE_ROOT; };
		54BC8795213FA9490042350E /* CMxQueue.h */ = {isa = PBXFileReference; fileEncoding = 4; lastKnownFileType = sourcecode.c.h; name = CMxQueue.h; path = include/CMxQueue.h; sourceTree = SOURCE_ROOT; };
		54BC8796213FA9490042350E /* MxMediaDefine.h */ = {isa = PBXFileReference; fileEncoding = 4; lastKnownFileType = sourcecode.c.h; name = MxMediaDefine.h; path = include/MxMediaDefine.h; sourceTree = SOURCE_ROOT; };
		54BC8797213FC8950042350E /* MxCodec.h */ = {isa = PBXFileReference; fileEncoding = 4; lastKnownFileType = sourcecode.c.h; name = MxCodec.h; path = include/MxCodec.h; sourceTree = SOURCE_ROOT; };
		54BC8E74213E22F200FDAFE1 /* MxMov.xcodeproj */ = {isa = PBXFileReference; lastKnownFileType = "wrapper.pb-project"; name = MxMov.xcodeproj; path = plugin/MxMov/MxMov.xcodeproj; sourceTree = "<group>"; };
		54C3C5492125A0C9009736A1 /* Cocoa.framework */ = {isa = PBXFileReference; lastKnownFileType = wrapper.framework; name = Cocoa.framework; path = System/Library/Frameworks/Cocoa.framework; sourceTree = SDKROOT; };
		54C3C5AF212A5C62009736A1 /* MxCore.xcodeproj */ = {isa = PBXFileReference; lastKnownFileType = "wrapper.pb-project"; name = MxCore.xcodeproj; path = MxCore/MxCore.xcodeproj; sourceTree = "<group>"; };
		54C3C5CC212A5D72009736A1 /* MxGLTool.xcodeproj */ = {isa = PBXFileReference; lastKnownFileType = "wrapper.pb-project"; name = MxGLTool.xcodeproj; path = MxGLTool/MxGLTool.xcodeproj; sourceTree = "<group>"; };
		54C3C616212AF075009736A1 /* MxPlayer.xcodeproj */ = {isa = PBXFileReference; lastKnownFileType = "wrapper.pb-project"; name = MxPlayer.xcodeproj; path = MxPlayer/MxPlayer.xcodeproj; sourceTree = "<group>"; };
		54D6AB422131259D00B78108 /* main.cpp */ = {isa = PBXFileReference; lastKnownFileType = sourcecode.cpp.cpp; path = main.cpp; sourceTree = "<group>"; };
		54D6AB5621338E1800B78108 /* stdafx.cpp */ = {isa = PBXFileReference; fileEncoding = 4; lastKnownFileType = sourcecode.cpp.cpp; path = stdafx.cpp; sourceTree = "<group>"; };
		54D6AB5921338FCB00B78108 /* MxLog.h */ = {isa = PBXFileReference; fileEncoding = 4; lastKnownFileType = sourcecode.c.h; name = MxLog.h; path = include/MxLog.h; sourceTree = SOURCE_ROOT; };
		54D6AB5A21338FCB00B78108 /* MxDllexport.h */ = {isa = PBXFileReference; fileEncoding = 4; lastKnownFileType = sourcecode.c.h; name = MxDllexport.h; path = include/MxDllexport.h; sourceTree = SOURCE_ROOT; };
		54D6AB5B21338FCB00B78108 /* MxError.h */ = {isa = PBXFileReference; fileEncoding = 4; lastKnownFileType = sourcecode.c.h; name = MxError.h; path = include/MxError.h; sourceTree = SOURCE_ROOT; };
		54D6AB5D21338FCB00B78108 /* MxTypes.h */ = {isa = PBXFileReference; fileEncoding = 4; lastKnownFileType = sourcecode.c.h; name = MxTypes.h; path = include/MxTypes.h; sourceTree = SOURCE_ROOT; };
		54D6AB6A2133D54E00B78108 /* MxInterface.h */ = {isa = PBXFileReference; fileEncoding = 4; lastKnownFileType = sourcecode.c.h; name = MxInterface.h; path = include/MxInterface.h; sourceTree = SOURCE_ROOT; };
		54D6AB732134E00300B78108 /* MxSynchronize.h */ = {isa = PBXFileReference; fileEncoding = 4; lastKnownFileType = sourcecode.c.h; name = MxSynchronize.h; path = include/MxSynchronize.h; sourceTree = SOURCE_ROOT; };
		54D6AB742134E00400B78108 /* MxMemory.h */ = {isa = PBXFileReference; fileEncoding = 4; lastKnownFileType = sourcecode.c.h; name = MxMemory.h; path = include/MxMemory.h; sourceTree = SOURCE_ROOT; };
		54D6AB832134E4DD00B78108 /* CMxArray.h */ = {isa = PBXFileReference; fileEncoding = 4; lastKnownFileType = sourcecode.c.h; name = CMxArray.h; path = include/CMxArray.h; sourceTree = SOURCE_ROOT; };
		54DD15852137C13B006EE7EC /* MxCodec.xcodeproj */ = {isa = PBXFileReference; lastKnownFileType = "wrapper.pb-project"; name = MxCodec.xcodeproj; path = MxCodec/MxCodec.xcodeproj; sourceTree = "<group>"; };
		54DD158B2137C1A0006EE7EC /* MxObject.h */ = {isa = PBXFileReference; fileEncoding = 4; lastKnownFileType = sourcecode.c.h; name = MxObject.h; path = include/MxObject.h; sourceTree = SOURCE_ROOT; };
		54DD158C2137C1A0006EE7EC /* MxPointer.h */ = {isa = PBXFileReference; fileEncoding = 4; lastKnownFileType = sourcecode.c.h; name = MxPointer.h; path = include/MxPointer.h; sourceTree = SOURCE_ROOT; };
		54E2FAC82137EDDB00574698 /* MainWidget.cpp */ = {isa = PBXFileReference; fileEncoding = 4; lastKnownFileType = sourcecode.cpp.cpp; path = MainWidget.cpp; sourceTree = "<group>"; };
		54E2FAC92137EDDB00574698 /* MainWidget.h */ = {isa = PBXFileReference; fileEncoding = 4; lastKnownFileType = sourcecode.c.h; path = MainWidget.h; sourceTree = "<group>"; };
		54E2FACB2137EF2A00574698 /* moc_MainWidget.cpp */ = {isa = PBXFileReference; fileEncoding = 4; lastKnownFileType = sourcecode.cpp.cpp; name = moc_MainWidget.cpp; path = moc/moc_MainWidget.cpp; sourceTree = "<group>"; };
		8D9815BDB5BD9F90D2BC05C5 /* AGL.framework */ = {isa = PBXFileReference; lastKnownFileType = wrapper.framework; name = AGL.framework; path = /System/Library/Frameworks/AGL.framework; sourceTree = "<absolute>"; };
		A1A67BEAA744704B29168D39 /* IOKit.framework */ = {isa = PBXFileReference; lastKnownFileType = wrapper.framework; name = IOKit.framework; path = /System/Library/Frameworks/IOKit.framework; sourceTree = "<absolute>"; };
		CD5906B4E993324963496C03 /* .qmake.stash */ = {isa = PBXFileReference; lastKnownFileType = text; name = .qmake.stash; path = /Users/ws/work/MyPlayer/.qmake.stash; sourceTree = "<absolute>"; };
		D4B32C2222F82AC56BADEB21 /* OpenGL.framework */ = {isa = PBXFileReference; lastKnownFileType = wrapper.framework; name = OpenGL.framework; path = /System/Library/Frameworks/OpenGL.framework; sourceTree = "<absolute>"; };
		D9DE3BE41ED31C43574B88B8 /* MyPlayer.pro */ = {isa = PBXFileReference; lastKnownFileType = text; name = MyPlayer.pro; path = /Users/ws/work/MyPlayer/MyPlayer.pro; sourceTree = "<absolute>"; };
		DF2F3FF4409563AF002FEA60 /* MyPlayer.app */ = {isa = PBXFileReference; explicitFileType = wrapper.application; includeInIndex = 0; path = MyPlayer.app; sourceTree = BUILT_PRODUCTS_DIR; };
/* End PBXFileReference section */

/* Begin PBXFrameworksBuildPhase section */
		D1C883685E82D5676953459A /* Link Binary With Libraries */ = {
			isa = PBXFrameworksBuildPhase;
			buildActionMask = 2147483647;
			files = (
				54C3C54A2125A0C9009736A1 /* Cocoa.framework in Link Binary With Libraries */,
				C21018B3553C3BF64ECA6651 /* QtGui.framework in Link Binary With Libraries */,
				994A1BD1E426A09088330BE9 /* QtCore.framework in Link Binary With Libraries */,
				A99B2AA0F9CBBDD12BA126A4 /* DiskArbitration.framework in Link Binary With Libraries */,
				8D267F2E4776F0ECA2F49DC8 /* IOKit.framework in Link Binary With Libraries */,
				8771A8C96E9C391044035D99 /* OpenGL.framework in Link Binary With Libraries */,
				E45E51A644D5FC9F942ECE55 /* AGL.framework in Link Binary With Libraries */,
				546950912122E1230055ED67 /* QtWidgets.framework in Link Binary With Libraries */,
				54D6AB672133C95200B78108 /* libMxCoreD.dylib in Link Binary With Libraries */,
				54D6AB682133C97500B78108 /* libMxGLToolD.dylib in Link Binary With Libraries */,
				54D6AB692133C97800B78108 /* libMxPlayerD.dylib in Link Binary With Libraries */,
			);
			name = "Link Binary With Libraries";
			runOnlyForDeploymentPostprocessing = 0;
		};
/* End PBXFrameworksBuildPhase section */

/* Begin PBXGroup section */
		2EB56BE3C2D93CDAB0C52E67 /* Sources */ = {
			isa = PBXGroup;
			children = (
				54E2FACB2137EF2A00574698 /* moc_MainWidget.cpp */,
				54E2FAC82137EDDB00574698 /* MainWidget.cpp */,
				54E2FAC92137EDDB00574698 /* MainWidget.h */,
				54D6AB5621338E1800B78108 /* stdafx.cpp */,
				546950A52122F35D0055ED67 /* stdafx.h */,
				54D6AB422131259D00B78108 /* main.cpp */,
			);
			name = Sources;
			sourceTree = "<group>";
		};
		5468546F213FED8F00B2F121 /* Products */ = {
			isa = PBXGroup;
			children = (
				54685474213FED9100B2F121 /* libMxFileSourceD.dylib */,
			);
			name = Products;
			sourceTree = "<group>";
		};
		54BC8E75213E22F200FDAFE1 /* Products */ = {
			isa = PBXGroup;
			children = (
				54BC8E7A213E22F300FDAFE1 /* libMxMovD.dylib */,
			);
			name = Products;
			sourceTree = "<group>";
		};
		54C3C5B0212A5C62009736A1 /* Products */ = {
			isa = PBXGroup;
			children = (
				54C3C5B4212A5C64009736A1 /* libMxCoreD.dylib */,
			);
			name = Products;
			sourceTree = "<group>";
		};
		54C3C5CD212A5D72009736A1 /* Products */ = {
			isa = PBXGroup;
			children = (
				54C3C5D1212A5D74009736A1 /* libMxGLToolD.dylib */,
			);
			name = Products;
			sourceTree = "<group>";
		};
		54C3C617212AF075009736A1 /* Products */ = {
			isa = PBXGroup;
			children = (
				54C3C61B212AF077009736A1 /* libMxPlayerD.dylib */,
			);
			name = Products;
			sourceTree = "<group>";
		};
		54D6AB5821338F9C00B78108 /* include */ = {
			isa = PBXGroup;
			children = (
				546DA9592146394C00DF99E3 /* MxCpu.h */,
				546DA9432145FE3200DF99E3 /* MxGlobal.h */,
				546DA9472145FE3200DF99E3 /* MxSystem.h */,
				5434155A21413FEC009FBC13 /* CMxString.h */,
				54BC8797213FC8950042350E /* MxCodec.h */,
				54BC8792213FA9490042350E /* CMxList.h */,
				54BC8795213FA9490042350E /* CMxQueue.h */,
				54BC8796213FA9490042350E /* MxMediaDefine.h */,
				5426A6E7213E67CE001745C4 /* MxPlayer.h */,
				54DD158B2137C1A0006EE7EC /* MxObject.h */,
				54DD158C2137C1A0006EE7EC /* MxPointer.h */,
				54D6AB832134E4DD00B78108 /* CMxArray.h */,
				54D6AB742134E00400B78108 /* MxMemory.h */,
				54D6AB732134E00300B78108 /* MxSynchronize.h */,
				54D6AB6A2133D54E00B78108 /* MxInterface.h */,
				54D6AB5A21338FCB00B78108 /* MxDllexport.h */,
				54D6AB5B21338FCB00B78108 /* MxError.h */,
				54D6AB5921338FCB00B78108 /* MxLog.h */,
				54D6AB5D21338FCB00B78108 /* MxTypes.h */,
			);
			name = include;
			path = "New Group";
			sourceTree = "<group>";
		};
		54DD15862137C13B006EE7EC /* Products */ = {
			isa = PBXGroup;
			children = (
				54DD158A2137C13C006EE7EC /* libMxCodecD.dylib */,
			);
			name = Products;
			sourceTree = "<group>";
		};
		74B182DB50CB5611B5C1C297 /* Supporting Files */ = {
			isa = PBXGroup;
			children = (
				D9DE3BE41ED31C43574B88B8 /* MyPlayer.pro */,
				CD5906B4E993324963496C03 /* .qmake.stash */,
			);
			name = "Supporting Files";
			sourceTree = "<group>";
		};
		AF39DD055C3EF8226FBE929D /* Frameworks */ = {
			isa = PBXGroup;
			children = (
				54C3C5492125A0C9009736A1 /* Cocoa.framework */,
				546950962122E2150055ED67 /* libavcodec.58.dylib */,
				546950922122E2150055ED67 /* libavdevice.58.dylib */,
				546950932122E2150055ED67 /* libavfilter.7.dylib */,
				546950952122E2150055ED67 /* libavformat.58.dylib */,
				546950942122E2150055ED67 /* libavutil.56.dylib */,
				546950972122E2150055ED67 /* libpostproc.55.dylib */,
				546950982122E2150055ED67 /* libswresample.3.dylib */,
				546950992122E2150055ED67 /* libswscale.5.dylib */,
				546950902122E1230055ED67 /* QtWidgets.framework */,
				34C3CC745F9A46849F0F12A2 /* QtGui.framework */,
				53A1666EF2EC8D8B83CC35FC /* QtCore.framework */,
				2B774D8E4178765CE52EAAF5 /* DiskArbitration.framework */,
				A1A67BEAA744704B29168D39 /* IOKit.framework */,
				D4B32C2222F82AC56BADEB21 /* OpenGL.framework */,
				8D9815BDB5BD9F90D2BC05C5 /* AGL.framework */,
			);
			name = Frameworks;
			sourceTree = "<group>";
		};
		B8254625CFD509ED2A24A166 /* Sources [moc_predefs] */ = {
			isa = PBXGroup;
			children = (
				12A9559A7F50D57FB891AC7C /* dummy.cpp */,
			);
			name = "Sources [moc_predefs]";
			sourceTree = "<group>";
		};
		E8C543AB96796ECAA2E65C57 /* MyPlayer */ = {
			isa = PBXGroup;
			children = (
				54D6AB5821338F9C00B78108 /* include */,
				5468546E213FED8F00B2F121 /* MxFileSource.xcodeproj */,
				54BC8E74213E22F200FDAFE1 /* MxMov.xcodeproj */,
				54DD15852137C13B006EE7EC /* MxCodec.xcodeproj */,
				54C3C5AF212A5C62009736A1 /* MxCore.xcodeproj */,
				54C3C5CC212A5D72009736A1 /* MxGLTool.xcodeproj */,
				54C3C616212AF075009736A1 /* MxPlayer.xcodeproj */,
				546950B82124556F0055ED67 /* Template.h */,
				2EB56BE3C2D93CDAB0C52E67 /* Sources */,
				B8254625CFD509ED2A24A166 /* Sources [moc_predefs] */,
				74B182DB50CB5611B5C1C297 /* Supporting Files */,
				AF39DD055C3EF8226FBE929D /* Frameworks */,
				FE0A091FDBFB3E9C31B7A1BD /* Products */,
			);
			name = MyPlayer;
			sourceTree = "<group>";
		};
		FE0A091FDBFB3E9C31B7A1BD /* Products */ = {
			isa = PBXGroup;
			children = (
				DF2F3FF4409563AF002FEA60 /* MyPlayer.app */,
			);
			name = Products;
			sourceTree = "<group>";
		};
/* End PBXGroup section */

/* Begin PBXNativeTarget section */
		D5B309DC32DB313016BF57C1 /* MyPlayer */ = {
			isa = PBXNativeTarget;
			buildConfigurationList = 6CC3B5D2136C7CD6A5CF5A59 /* Build configuration list for PBXNativeTarget "MyPlayer" */;
			buildPhases = (
				54E2FAC72137ED8600574698 /* ShellScript */,
				F7E50F631C51CD5B5DC0BC43 /* Compile Sources */,
				D1C883685E82D5676953459A /* Link Binary With Libraries */,
				30414803F31797EB689AE508 /* Copy Bundle Resources */,
				99542592E9780B9225F24AA8 /* Embed Frameworks */,
			);
			buildRules = (
			);
			dependencies = (
				E849EE40900CD72C66791377 /* PBXTargetDependency */,
				54D6AB662133C71200B78108 /* PBXTargetDependency */,
				54D6AB642133C71200B78108 /* PBXTargetDependency */,
				54D6AB622133C71200B78108 /* PBXTargetDependency */,
			);
			name = MyPlayer;
			productName = MyPlayer;
			productReference = DF2F3FF4409563AF002FEA60 /* MyPlayer.app */;
			productType = "com.apple.product-type.application";
		};
/* End PBXNativeTarget section */

/* Begin PBXProject section */
		6DB9C3763D02B1415CD9D565 /* Project object */ = {
			isa = PBXProject;
			attributes = {
			};
			buildConfigurationList = DAC4C1AA5EDEA1C85E9CA5E6 /* Build configuration list for PBXProject "MyPlayer" */;
			compatibilityVersion = "Xcode 3.2";
			developmentRegion = en;
			hasScannedForEncodings = 1;
			knownRegions = (
				en,
			);
			mainGroup = E8C543AB96796ECAA2E65C57 /* MyPlayer */;
			productRefGroup = FE0A091FDBFB3E9C31B7A1BD /* Products */;
			projectDirPath = "";
			projectReferences = (
				{
					ProductGroup = 54DD15862137C13B006EE7EC /* Products */;
					ProjectRef = 54DD15852137C13B006EE7EC /* MxCodec.xcodeproj */;
				},
				{
					ProductGroup = 54C3C5B0212A5C62009736A1 /* Products */;
					ProjectRef = 54C3C5AF212A5C62009736A1 /* MxCore.xcodeproj */;
				},
				{
					ProductGroup = 5468546F213FED8F00B2F121 /* Products */;
					ProjectRef = 5468546E213FED8F00B2F121 /* MxFileSource.xcodeproj */;
				},
				{
					ProductGroup = 54C3C5CD212A5D72009736A1 /* Products */;
					ProjectRef = 54C3C5CC212A5D72009736A1 /* MxGLTool.xcodeproj */;
				},
				{
					ProductGroup = 54BC8E75213E22F200FDAFE1 /* Products */;
					ProjectRef = 54BC8E74213E22F200FDAFE1 /* MxMov.xcodeproj */;
				},
				{
					ProductGroup = 54C3C617212AF075009736A1 /* Products */;
					ProjectRef = 54C3C616212AF075009736A1 /* MxPlayer.xcodeproj */;
				},
			);
			projectRoot = "";
			targets = (
				D5B309DC32DB313016BF57C1 /* MyPlayer */,
				6F57EF0397459C12A69B54F6 /* Qt Preprocess */,
			);
		};
/* End PBXProject section */

/* Begin PBXReferenceProxy section */
		54685474213FED9100B2F121 /* libMxFileSourceD.dylib */ = {
			isa = PBXReferenceProxy;
			fileType = "compiled.mach-o.dylib";
			path = libMxFileSourceD.dylib;
			remoteRef = 54685473213FED9100B2F121 /* PBXContainerItemProxy */;
			sourceTree = BUILT_PRODUCTS_DIR;
		};
		54BC8E7A213E22F300FDAFE1 /* libMxMovD.dylib */ = {
			isa = PBXReferenceProxy;
			fileType = "compiled.mach-o.dylib";
			path = libMxMovD.dylib;
			remoteRef = 54BC8E79213E22F300FDAFE1 /* PBXContainerItemProxy */;
			sourceTree = BUILT_PRODUCTS_DIR;
		};
		54C3C5B4212A5C64009736A1 /* libMxCoreD.dylib */ = {
			isa = PBXReferenceProxy;
			fileType = "compiled.mach-o.dylib";
			path = libMxCoreD.dylib;
			remoteRef = 54C3C5B3212A5C64009736A1 /* PBXContainerItemProxy */;
			sourceTree = BUILT_PRODUCTS_DIR;
		};
		54C3C5D1212A5D74009736A1 /* libMxGLToolD.dylib */ = {
			isa = PBXReferenceProxy;
			fileType = "compiled.mach-o.dylib";
			path = libMxGLToolD.dylib;
			remoteRef = 54C3C5D0212A5D74009736A1 /* PBXContainerItemProxy */;
			sourceTree = BUILT_PRODUCTS_DIR;
		};
		54C3C61B212AF077009736A1 /* libMxPlayerD.dylib */ = {
			isa = PBXReferenceProxy;
			fileType = "compiled.mach-o.dylib";
			path = libMxPlayerD.dylib;
			remoteRef = 54C3C61A212AF077009736A1 /* PBXContainerItemProxy */;
			sourceTree = BUILT_PRODUCTS_DIR;
		};
		54DD158A2137C13C006EE7EC /* libMxCodecD.dylib */ = {
			isa = PBXReferenceProxy;
			fileType = "compiled.mach-o.dylib";
			path = libMxCodecD.dylib;
			remoteRef = 54DD15892137C13C006EE7EC /* PBXContainerItemProxy */;
			sourceTree = BUILT_PRODUCTS_DIR;
		};
/* End PBXReferenceProxy section */

/* Begin PBXResourcesBuildPhase section */
		30414803F31797EB689AE508 /* Copy Bundle Resources */ = {
			isa = PBXResourcesBuildPhase;
			buildActionMask = 2147483647;
			files = (
			);
			name = "Copy Bundle Resources";
			runOnlyForDeploymentPostprocessing = 0;
		};
/* End PBXResourcesBuildPhase section */

/* Begin PBXShellScriptBuildPhase section */
		54E2FAC72137ED8600574698 /* ShellScript */ = {
			isa = PBXShellScriptBuildPhase;
			buildActionMask = 2147483647;
			files = (
			);
			inputPaths = (
			);
			outputPaths = (
			);
			runOnlyForDeploymentPostprocessing = 0;
			shellPath = /bin/sh;
			shellScript = "/usr/local/Cellar/qt/5.11.1/bin/moc ./MainWidget.h -o ./moc/moc_MainWidget.cpp";
		};
		5E618435888B9D49F8540165 /* Qt Qmake */ = {
			isa = PBXShellScriptBuildPhase;
			buildActionMask = 2147483647;
			files = (
			);
			name = "Qt Qmake";
			runOnlyForDeploymentPostprocessing = 0;
			shellPath = /bin/sh;
			shellScript = "make -C /Users/ws/work/MyPlayer/ -f MyPlayer.xcodeproj/qt_makeqmake.mak";
			showEnvVarsInLog = 0;
		};
		7EF0942E79C014DCEC8976BC /* Qt Preprocessors */ = {
			isa = PBXShellScriptBuildPhase;
			buildActionMask = 2147483647;
			files = (
			);
			name = "Qt Preprocessors";
			runOnlyForDeploymentPostprocessing = 0;
			shellPath = /bin/sh;
			shellScript = "make -C /Users/ws/work/MyPlayer/ -f MyPlayer.xcodeproj/qt_preprocess.mak";
			showEnvVarsInLog = 0;
		};
/* End PBXShellScriptBuildPhase section */

/* Begin PBXSourcesBuildPhase section */
		F7E50F631C51CD5B5DC0BC43 /* Compile Sources */ = {
			isa = PBXSourcesBuildPhase;
			buildActionMask = 2147483647;
			files = (
				54E2FACA2137EDDB00574698 /* MainWidget.cpp in Compile Sources */,
				54D6AB5721338E1800B78108 /* stdafx.cpp in Compile Sources */,
				54E2FACC2137EF2B00574698 /* moc_MainWidget.cpp in Compile Sources */,
				B07889C7F41764965C901BA2 /* dummy.cpp in Compile Sources */,
				54D6AB432131259D00B78108 /* main.cpp in Compile Sources */,
			);
			name = "Compile Sources";
			runOnlyForDeploymentPostprocessing = 0;
		};
/* End PBXSourcesBuildPhase section */

/* Begin PBXTargetDependency section */
		54D6AB622133C71200B78108 /* PBXTargetDependency */ = {
			isa = PBXTargetDependency;
			name = MxPlayer;
			targetProxy = 54D6AB612133C71200B78108 /* PBXContainerItemProxy */;
		};
		54D6AB642133C71200B78108 /* PBXTargetDependency */ = {
			isa = PBXTargetDependency;
			name = MxGLTool;
			targetProxy = 54D6AB632133C71200B78108 /* PBXContainerItemProxy */;
		};
		54D6AB662133C71200B78108 /* PBXTargetDependency */ = {
			isa = PBXTargetDependency;
			name = MxCore;
			targetProxy = 54D6AB652133C71200B78108 /* PBXContainerItemProxy */;
		};
		E849EE40900CD72C66791377 /* PBXTargetDependency */ = {
			isa = PBXTargetDependency;
			target = 6F57EF0397459C12A69B54F6 /* Qt Preprocess */;
			targetProxy = 5469508F2122E0530055ED67 /* PBXContainerItemProxy */;
		};
/* End PBXTargetDependency section */

/* Begin XCBuildConfiguration section */
		339EE1B2CC4FC24589A0EA95 /* Release */ = {
			isa = XCBuildConfiguration;
			buildSettings = {
				APPLICATION_EXTENSION_API_ONLY = NO;
				ARCHS = x86_64;
				"ARCHS[sdk=macosx*]" = x86_64;
				CC = /Library/Developer/CommandLineTools/usr/bin/clang;
				CONFIGURATION_BUILD_DIR = "/Users/ws/work/MyPlayer//$(CONFIGURATION)$(EFFECTIVE_PLATFORM_NAME)";
				COPY_PHASE_STRIP = NO;
				DYLIB_COMPATIBILITY_VERSION = 1.0;
				DYLIB_CURRENT_VERSION = 1.0.0;
				ENABLE_BITCODE = NO;
				FRAMEWORK_SEARCH_PATHS = (
					/usr/local/Cellar/qt/5.11.1/lib,
					/usr/local/Cellar/qt/5.11.1/lib,
				);
				GCC_VERSION = com.apple.compilers.llvm.clang.1_0;
				HEADER_SEARCH_PATHS = (
					.,
					.,
					/usr/local/Cellar/qt/5.11.1/lib/QtGui.framework/Headers,
					/usr/local/Cellar/qt/5.11.1/lib/QtCore.framework/Headers,
					.,
					/Library/Developer/CommandLineTools/SDKs/MacOSX.sdk/System/Library/Frameworks/OpenGL.framework/Headers,
					/Library/Developer/CommandLineTools/SDKs/MacOSX.sdk/System/Library/Frameworks/AGL.framework/Headers,
					"/usr/local/Cellar/qt/5.11.1/mkspecs/macx-clang",
					/usr/local/Cellar/qt/5.11.1/include,
				);
				INFOPLIST_FILE = Info.plist;
				LDPLUSPLUS = "/Library/Developer/CommandLineTools/usr/bin/clang++";
				LIBRARY_SEARCH_PATHS = (
					/usr/local/Cellar/qt/5.11.1/lib,
					/System/Library/Frameworks/,
				);
				MACOSX_DEPLOYMENT_TARGET = 10.11;
				OTHER_CFLAGS = (
					"-pipe",
					"-O2",
					"-Wall",
					"-W",
					"-fPIC",
					"-DQT_DEPRECATED_WARNINGS",
					"-DQT_NO_DEBUG",
					"-DQT_GUI_LIB",
					"-DQT_CORE_LIB",
				);
				OTHER_CPLUSPLUSFLAGS = (
					"-pipe",
					"-stdlib=libc++",
					"-O2",
					"-std=gnu++11",
					"-Wall",
					"-W",
					"-fPIC",
					"-DQT_DEPRECATED_WARNINGS",
					"-DQT_NO_DEBUG",
					"-DQT_GUI_LIB",
					"-DQT_CORE_LIB",
				);
				OTHER_LDFLAGS = (
					"-stdlib=libc++",
					"-headerpad_max_install_names",
					"-Wl,-rpath,@executable_path/Frameworks",
					"-F/usr/local/Cellar/qt/5.11.1/lib",
				);
				PRODUCT_BUNDLE_IDENTIFIER = "Wondershare.${PRODUCT_NAME:rfc1034identifier}";
				PRODUCT_NAME = MyPlayer;
				QMAKE_PKGINFO_TYPEINFO = "????";
				QT_LIBRARY_SUFFIX = "";
				SDKROOT = macosx;
				SYMROOT = "/Users/ws/work/MyPlayer//.xcode";
			};
			name = Release;
		};
		3AA6C32AC930069E80220CF1 /* Debug */ = {
			isa = XCBuildConfiguration;
			buildSettings = {
				APPLICATION_EXTENSION_API_ONLY = NO;
				ARCHS = x86_64;
				"ARCHS[sdk=macosx*]" = x86_64;
				CC = /Library/Developer/CommandLineTools/usr/bin/clang;
				CONFIGURATION_BUILD_DIR = "/Users/ws/work/MyPlayer//$(CONFIGURATION)$(EFFECTIVE_PLATFORM_NAME)";
				COPY_PHASE_STRIP = NO;
				DYLIB_COMPATIBILITY_VERSION = 1.0;
				DYLIB_CURRENT_VERSION = 1.0.0;
				ENABLE_BITCODE = NO;
				FRAMEWORK_SEARCH_PATHS = (
					/usr/local/Cellar/qt/5.11.1/lib,
					/usr/local/Cellar/qt/5.11.1/lib,
				);
				GCC_OPTIMIZATION_LEVEL = 0;
				GCC_VERSION = com.apple.compilers.llvm.clang.1_0;
				HEADER_SEARCH_PATHS = (
					.,
					.,
					/usr/local/Cellar/qt/5.11.1/lib/QtGui.framework/Headers,
					/usr/local/Cellar/qt/5.11.1/lib/QtCore.framework/Headers,
					.,
					/Library/Developer/CommandLineTools/SDKs/MacOSX.sdk/System/Library/Frameworks/OpenGL.framework/Headers,
					/Library/Developer/CommandLineTools/SDKs/MacOSX.sdk/System/Library/Frameworks/AGL.framework/Headers,
					"/usr/local/Cellar/qt/5.11.1/mkspecs/macx-clang",
					/usr/local/Cellar/qt/5.11.1/include,
				);
				INFOPLIST_FILE = Info.plist;
				LDPLUSPLUS = "/Library/Developer/CommandLineTools/usr/bin/clang++";
				LIBRARY_SEARCH_PATHS = (
					/usr/local/Cellar/qt/5.11.1/lib,
					/System/Library/Frameworks/,
				);
				MACOSX_DEPLOYMENT_TARGET = 10.11;
				ONLY_ACTIVE_ARCH = YES;
				OTHER_CFLAGS = (
					"-pipe",
					"-O2",
					"-Wall",
					"-W",
					"-fPIC",
					"-DQT_DEPRECATED_WARNINGS",
					"-DQT_NO_DEBUG",
					"-DQT_GUI_LIB",
					"-DQT_CORE_LIB",
				);
				OTHER_CPLUSPLUSFLAGS = (
					"-pipe",
					"-stdlib=libc++",
					"-O2",
					"-std=gnu++11",
					"-Wall",
					"-W",
					"-fPIC",
					"-DQT_DEPRECATED_WARNINGS",
					"-DQT_NO_DEBUG",
					"-DQT_GUI_LIB",
					"-DQT_CORE_LIB",
				);
				OTHER_LDFLAGS = (
					"-stdlib=libc++",
					"-headerpad_max_install_names",
					"-Wl,-rpath,@executable_path/Frameworks",
					"-F/usr/local/Cellar/qt/5.11.1/lib",
				);
				PRODUCT_BUNDLE_IDENTIFIER = "Wondershare.${PRODUCT_NAME:rfc1034identifier}";
				PRODUCT_NAME = MyPlayer;
				QMAKE_PKGINFO_TYPEINFO = "????";
				QT_LIBRARY_SUFFIX = "";
				SDKROOT = macosx;
				SYMROOT = "/Users/ws/work/MyPlayer//.xcode";
			};
			name = Debug;
		};
		6666AA5E688052234F6758D8 /* Release */ = {
			isa = XCBuildConfiguration;
			buildSettings = {
				APPLICATION_EXTENSION_API_ONLY = NO;
				"ARCHS[sdk=macosx*]" = x86_64;
				CONFIGURATION_BUILD_DIR = "$(BUILD_DIR)/$(CONFIGURATION)$(EFFECTIVE_PLATFORM_NAME)";
				COPY_PHASE_STRIP = NO;
				ENABLE_BITCODE = NO;
				FRAMEWORK_SEARCH_PATHS = /usr/local/Cellar/qt/5.11.1/lib;
				GCC_INPUT_FILETYPE = sourcecode.cpp.objcpp;
				GCC_PRECOMPILE_PREFIX_HEADER = YES;
				GCC_PREFIX_HEADER = stdafx.h;
				HEADER_SEARCH_PATHS = (
					/usr/local/Cellar/qt/5.11.1/lib/QtGui.framework/Headers,
					/usr/local/Cellar/qt/5.11.1/lib/QtCore.framework/Headers,
					.,
					/Library/Developer/CommandLineTools/SDKs/MacOSX.sdk/System/Library/Frameworks/OpenGL.framework/Headers,
					/Library/Developer/CommandLineTools/SDKs/MacOSX.sdk/System/Library/Frameworks/AGL.framework/Headers,
					"/usr/local/Cellar/qt/5.11.1/mkspecs/macx-clang",
					./include/ffmpeg/include,
					./include,
				);
				LD_RUNPATH_SEARCH_PATHS = "$(inherited) @executable_path/../Frameworks @executable_path @loader_path";
				LIBRARY_SEARCH_PATHS = (
					"$(inherited)",
					./lib,
					bin/mac/$CONFIGURATION,
				);
				OBJROOT = build;
				PRODUCT_BUNDLE_IDENTIFIER = "Wondershare.${PRODUCT_NAME:rfc1034identifier}";
				PRODUCT_NAME = MyPlayer;
				QMAKE_PKGINFO_TYPEINFO = "????";
				QT_LIBRARY_SUFFIX = "";
				SDKROOT = macosx;
				SYMROOT = $SRCROOT/bin/mac/$CONFIGURATION;
			};
			name = Release;
		};
		77418F46922677BB04ED38DD /* Debug */ = {
			isa = XCBuildConfiguration;
			buildSettings = {
				APPLICATION_EXTENSION_API_ONLY = NO;
				"ARCHS[sdk=macosx*]" = x86_64;
				CONFIGURATION_BUILD_DIR = "$(BUILD_DIR)/$(CONFIGURATION)$(EFFECTIVE_PLATFORM_NAME)";
				COPY_PHASE_STRIP = NO;
				ENABLE_BITCODE = NO;
				FRAMEWORK_SEARCH_PATHS = /usr/local/Cellar/qt/5.11.1/lib;
				GCC_INPUT_FILETYPE = sourcecode.cpp.objcpp;
				GCC_OPTIMIZATION_LEVEL = 0;
				GCC_PRECOMPILE_PREFIX_HEADER = YES;
				GCC_PREFIX_HEADER = stdafx.h;
				HEADER_SEARCH_PATHS = (
					/usr/local/Cellar/qt/5.11.1/lib/QtGui.framework/Headers,
					/usr/local/Cellar/qt/5.11.1/lib/QtCore.framework/Headers,
					.,
					/Library/Developer/CommandLineTools/SDKs/MacOSX.sdk/System/Library/Frameworks/OpenGL.framework/Headers,
					/Library/Developer/CommandLineTools/SDKs/MacOSX.sdk/System/Library/Frameworks/AGL.framework/Headers,
					"/usr/local/Cellar/qt/5.11.1/mkspecs/macx-clang",
					./include/ffmpeg/include,
					./include,
				);
				LD_RUNPATH_SEARCH_PATHS = "$(inherited) @executable_path/../Frameworks @executable_path @loader_path";
				LIBRARY_SEARCH_PATHS = (
					"$(inherited)",
					./lib,
					bin/mac/$CONFIGURATION,
				);
				OBJROOT = build;
				ONLY_ACTIVE_ARCH = YES;
				OTHER_CPLUSPLUSFLAGS = (
					"-pipe",
					"-stdlib=libc++",
					"-std=gnu++11",
					"-Wall",
					"-W",
					"-fPIC",
					"-DQT_DEPRECATED_WARNINGS",
					"-DQT_NO_DEBUG",
					"-DQT_GUI_LIB",
					"-DQT_CORE_LIB",
				);
				PRODUCT_BUNDLE_IDENTIFIER = "Wondershare.${PRODUCT_NAME:rfc1034identifier}";
				PRODUCT_NAME = MyPlayer;
				QMAKE_PKGINFO_TYPEINFO = "????";
				QT_LIBRARY_SUFFIX = "";
				SDKROOT = macosx;
				SYMROOT = $SRCROOT/bin/mac/$CONFIGURATION;
			};
			name = Debug;
		};
/* End XCBuildConfiguration section */

/* Begin XCConfigurationList section */
		6CC3B5D2136C7CD6A5CF5A59 /* Build configuration list for PBXNativeTarget "MyPlayer" */ = {
			isa = XCConfigurationList;
			buildConfigurations = (
				77418F46922677BB04ED38DD /* Debug */,
				6666AA5E688052234F6758D8 /* Release */,
			);
			defaultConfigurationIsVisible = 0;
			defaultConfigurationName = Release;
		};
		DAC4C1AA5EDEA1C85E9CA5E6 /* Build configuration list for PBXProject "MyPlayer" */ = {
			isa = XCConfigurationList;
			buildConfigurations = (
				3AA6C32AC930069E80220CF1 /* Debug */,
				339EE1B2CC4FC24589A0EA95 /* Release */,
			);
			defaultConfigurationIsVisible = 0;
			defaultConfigurationName = Release;
		};
/* End XCConfigurationList section */
	};
	rootObject = 6DB9C3763D02B1415CD9D565 /* Project object */;
}
