// !$*UTF8*$!
{
	archiveVersion = 1;
	classes = {
	};
	objectVersion = 48;
	objects = {

/* Begin PBXBuildFile section */
		54638AC7212E9873004EB5E4 /* libMxCoreD.dylib in Frameworks */ = {isa = PBXBuildFile; fileRef = 54638AC8212E9873004EB5E4 /* libMxCoreD.dylib */; };
		54638AD1212E989A004EB5E4 /* libswscale.5.dylib in Frameworks */ = {isa = PBXBuildFile; fileRef = 54638AC9212E989A004EB5E4 /* libswscale.5.dylib */; };
		54638AD2212E989A004EB5E4 /* libavfilter.7.dylib in Frameworks */ = {isa = PBXBuildFile; fileRef = 54638ACA212E989A004EB5E4 /* libavfilter.7.dylib */; };
		54638AD3212E989A004EB5E4 /* libavformat.58.dylib in Frameworks */ = {isa = PBXBuildFile; fileRef = 54638ACB212E989A004EB5E4 /* libavformat.58.dylib */; };
		54638AD4212E989A004EB5E4 /* libpostproc.55.dylib in Frameworks */ = {isa = PBXBuildFile; fileRef = 54638ACC212E989A004EB5E4 /* libpostproc.55.dylib */; };
		54638AD5212E989A004EB5E4 /* libavcodec.58.dylib in Frameworks */ = {isa = PBXBuildFile; fileRef = 54638ACD212E989A004EB5E4 /* libavcodec.58.dylib */; };
		54638AD6212E989A004EB5E4 /* libavdevice.58.dylib in Frameworks */ = {isa = PBXBuildFile; fileRef = 54638ACE212E989A004EB5E4 /* libavdevice.58.dylib */; };
		54638AD7212E989A004EB5E4 /* libavutil.56.dylib in Frameworks */ = {isa = PBXBuildFile; fileRef = 54638ACF212E989A004EB5E4 /* libavutil.56.dylib */; };
		54638AD8212E989A004EB5E4 /* libswresample.3.dylib in Frameworks */ = {isa = PBXBuildFile; fileRef = 54638AD0212E989A004EB5E4 /* libswresample.3.dylib */; };
		54638ADB212E98F2004EB5E4 /* CMxClock.cpp in Sources */ = {isa = PBXBuildFile; fileRef = 54638AD9212E98F2004EB5E4 /* CMxClock.cpp */; };
		54638ADC212E98F2004EB5E4 /* CMxClock.h in Headers */ = {isa = PBXBuildFile; fileRef = 54638ADA212E98F2004EB5E4 /* CMxClock.h */; };
		54C3C62E212AF230009736A1 /* MxPlayer.h in Headers */ = {isa = PBXBuildFile; fileRef = 54C3C61F212AF22F009736A1 /* MxPlayer.h */; };
		54C3C62F212AF230009736A1 /* MxVideoPlayer.cpp in Sources */ = {isa = PBXBuildFile; fileRef = 54C3C620212AF22F009736A1 /* MxVideoPlayer.cpp */; };
		54C3C630212AF230009736A1 /* VideoDecoder.h in Headers */ = {isa = PBXBuildFile; fileRef = 54C3C621212AF22F009736A1 /* VideoDecoder.h */; };
		54C3C632212AF230009736A1 /* MxVideoPlayer.h in Headers */ = {isa = PBXBuildFile; fileRef = 54C3C623212AF230009736A1 /* MxVideoPlayer.h */; };
		54C3C634212AF230009736A1 /* MxVideoDecoder.h in Headers */ = {isa = PBXBuildFile; fileRef = 54C3C625212AF230009736A1 /* MxVideoDecoder.h */; };
		54C3C636212AF230009736A1 /* stdafx.cpp in Sources */ = {isa = PBXBuildFile; fileRef = 54C3C627212AF230009736A1 /* stdafx.cpp */; };
		54C3C637212AF230009736A1 /* stdafx.h in Headers */ = {isa = PBXBuildFile; fileRef = 54C3C628212AF230009736A1 /* stdafx.h */; };
		54C3C638212AF230009736A1 /* VideoDecoder.cpp in Sources */ = {isa = PBXBuildFile; fileRef = 54C3C629212AF230009736A1 /* VideoDecoder.cpp */; };
		54C3C639212AF230009736A1 /* MxVideoDecoder.cpp in Sources */ = {isa = PBXBuildFile; fileRef = 54C3C62A212AF230009736A1 /* MxVideoDecoder.cpp */; };
		54C3C63C212AF309009736A1 /* MxDemuxer.h in Headers */ = {isa = PBXBuildFile; fileRef = 54C3C63A212AF308009736A1 /* MxDemuxer.h */; };
		54C3C63D212AF309009736A1 /* MxDemuxer.cpp in Sources */ = {isa = PBXBuildFile; fileRef = 54C3C63B212AF309009736A1 /* MxDemuxer.cpp */; };
		54D6AB4D21338DCD00B78108 /* CMxReferenceClock.cpp in Sources */ = {isa = PBXBuildFile; fileRef = 54D6AB4721338DCD00B78108 /* CMxReferenceClock.cpp */; };
		54D6AB4E21338DCD00B78108 /* CMxMediaSysClock.h in Headers */ = {isa = PBXBuildFile; fileRef = 54D6AB4821338DCD00B78108 /* CMxMediaSysClock.h */; };
		54D6AB4F21338DCD00B78108 /* CMxMediaSysClock.cpp in Sources */ = {isa = PBXBuildFile; fileRef = 54D6AB4921338DCD00B78108 /* CMxMediaSysClock.cpp */; };
		54D6AB5021338DCD00B78108 /* CMxReferenceClock.h in Headers */ = {isa = PBXBuildFile; fileRef = 54D6AB4A21338DCD00B78108 /* CMxReferenceClock.h */; };
		54D6AB5121338DCD00B78108 /* CMxSchedule.cpp in Sources */ = {isa = PBXBuildFile; fileRef = 54D6AB4B21338DCD00B78108 /* CMxSchedule.cpp */; };
		54D6AB5221338DCD00B78108 /* CMxSchedule.h in Headers */ = {isa = PBXBuildFile; fileRef = 54D6AB4C21338DCD00B78108 /* CMxSchedule.h */; };
		54D6AB5F2133AC1400B78108 /* CoreAudio.framework in Frameworks */ = {isa = PBXBuildFile; fileRef = 54D6AB5E2133AC1400B78108 /* CoreAudio.framework */; };
/* End PBXBuildFile section */

/* Begin PBXFileReference section */
		54638AC8212E9873004EB5E4 /* libMxCoreD.dylib */ = {isa = PBXFileReference; explicitFileType = "compiled.mach-o.dylib"; path = libMxCoreD.dylib; sourceTree = BUILT_PRODUCTS_DIR; };
		54638AC9212E989A004EB5E4 /* libswscale.5.dylib */ = {isa = PBXFileReference; lastKnownFileType = "compiled.mach-o.dylib"; name = libswscale.5.dylib; path = ../dylib/libswscale.5.dylib; sourceTree = "<group>"; };
		54638ACA212E989A004EB5E4 /* libavfilter.7.dylib */ = {isa = PBXFileReference; lastKnownFileType = "compiled.mach-o.dylib"; name = libavfilter.7.dylib; path = ../dylib/libavfilter.7.dylib; sourceTree = "<group>"; };
		54638ACB212E989A004EB5E4 /* libavformat.58.dylib */ = {isa = PBXFileReference; lastKnownFileType = "compiled.mach-o.dylib"; name = libavformat.58.dylib; path = ../dylib/libavformat.58.dylib; sourceTree = "<group>"; };
		54638ACC212E989A004EB5E4 /* libpostproc.55.dylib */ = {isa = PBXFileReference; lastKnownFileType = "compiled.mach-o.dylib"; name = libpostproc.55.dylib; path = ../dylib/libpostproc.55.dylib; sourceTree = "<group>"; };
		54638ACD212E989A004EB5E4 /* libavcodec.58.dylib */ = {isa = PBXFileReference; lastKnownFileType = "compiled.mach-o.dylib"; name = libavcodec.58.dylib; path = ../dylib/libavcodec.58.dylib; sourceTree = "<group>"; };
		54638ACE212E989A004EB5E4 /* libavdevice.58.dylib */ = {isa = PBXFileReference; lastKnownFileType = "compiled.mach-o.dylib"; name = libavdevice.58.dylib; path = ../dylib/libavdevice.58.dylib; sourceTree = "<group>"; };
		54638ACF212E989A004EB5E4 /* libavutil.56.dylib */ = {isa = PBXFileReference; lastKnownFileType = "compiled.mach-o.dylib"; name = libavutil.56.dylib; path = ../dylib/libavutil.56.dylib; sourceTree = "<group>"; };
		54638AD0212E989A004EB5E4 /* libswresample.3.dylib */ = {isa = PBXFileReference; lastKnownFileType = "compiled.mach-o.dylib"; name = libswresample.3.dylib; path = ../dylib/libswresample.3.dylib; sourceTree = "<group>"; };
		54638AD9212E98F2004EB5E4 /* CMxClock.cpp */ = {isa = PBXFileReference; lastKnownFileType = sourcecode.cpp.cpp; path = CMxClock.cpp; sourceTree = "<group>"; };
		54638ADA212E98F2004EB5E4 /* CMxClock.h */ = {isa = PBXFileReference; lastKnownFileType = sourcecode.c.h; path = CMxClock.h; sourceTree = "<group>"; };
		54C3C608212AF075009736A1 /* libMxPlayerD.dylib */ = {isa = PBXFileReference; explicitFileType = "compiled.mach-o.dylib"; includeInIndex = 0; path = libMxPlayerD.dylib; sourceTree = BUILT_PRODUCTS_DIR; };
		54C3C61F212AF22F009736A1 /* MxPlayer.h */ = {isa = PBXFileReference; fileEncoding = 4; lastKnownFileType = sourcecode.c.h; path = MxPlayer.h; sourceTree = "<group>"; };
		54C3C620212AF22F009736A1 /* MxVideoPlayer.cpp */ = {isa = PBXFileReference; fileEncoding = 4; lastKnownFileType = sourcecode.cpp.cpp; path = MxVideoPlayer.cpp; sourceTree = "<group>"; };
		54C3C621212AF22F009736A1 /* VideoDecoder.h */ = {isa = PBXFileReference; fileEncoding = 4; lastKnownFileType = sourcecode.c.h; path = VideoDecoder.h; sourceTree = "<group>"; };
		54C3C623212AF230009736A1 /* MxVideoPlayer.h */ = {isa = PBXFileReference; fileEncoding = 4; lastKnownFileType = sourcecode.c.h; path = MxVideoPlayer.h; sourceTree = "<group>"; };
		54C3C625212AF230009736A1 /* MxVideoDecoder.h */ = {isa = PBXFileReference; fileEncoding = 4; lastKnownFileType = sourcecode.c.h; path = MxVideoDecoder.h; sourceTree = "<group>"; };
		54C3C627212AF230009736A1 /* stdafx.cpp */ = {isa = PBXFileReference; fileEncoding = 4; lastKnownFileType = sourcecode.cpp.cpp; path = stdafx.cpp; sourceTree = "<group>"; };
		54C3C628212AF230009736A1 /* stdafx.h */ = {isa = PBXFileReference; fileEncoding = 4; lastKnownFileType = sourcecode.c.h; path = stdafx.h; sourceTree = "<group>"; };
		54C3C629212AF230009736A1 /* VideoDecoder.cpp */ = {isa = PBXFileReference; fileEncoding = 4; lastKnownFileType = sourcecode.cpp.cpp; path = VideoDecoder.cpp; sourceTree = "<group>"; };
		54C3C62A212AF230009736A1 /* MxVideoDecoder.cpp */ = {isa = PBXFileReference; fileEncoding = 4; lastKnownFileType = sourcecode.cpp.cpp; path = MxVideoDecoder.cpp; sourceTree = "<group>"; };
		54C3C63A212AF308009736A1 /* MxDemuxer.h */ = {isa = PBXFileReference; fileEncoding = 4; lastKnownFileType = sourcecode.c.h; path = MxDemuxer.h; sourceTree = "<group>"; };
		54C3C63B212AF309009736A1 /* MxDemuxer.cpp */ = {isa = PBXFileReference; fileEncoding = 4; lastKnownFileType = sourcecode.cpp.cpp; path = MxDemuxer.cpp; sourceTree = "<group>"; };
		54D6AB4721338DCD00B78108 /* CMxReferenceClock.cpp */ = {isa = PBXFileReference; fileEncoding = 4; lastKnownFileType = sourcecode.cpp.cpp; name = CMxReferenceClock.cpp; path = clock/CMxReferenceClock.cpp; sourceTree = "<group>"; };
		54D6AB4821338DCD00B78108 /* CMxMediaSysClock.h */ = {isa = PBXFileReference; fileEncoding = 4; lastKnownFileType = sourcecode.c.h; name = CMxMediaSysClock.h; path = clock/CMxMediaSysClock.h; sourceTree = "<group>"; };
		54D6AB4921338DCD00B78108 /* CMxMediaSysClock.cpp */ = {isa = PBXFileReference; fileEncoding = 4; lastKnownFileType = sourcecode.cpp.cpp; name = CMxMediaSysClock.cpp; path = clock/CMxMediaSysClock.cpp; sourceTree = "<group>"; };
		54D6AB4A21338DCD00B78108 /* CMxReferenceClock.h */ = {isa = PBXFileReference; fileEncoding = 4; lastKnownFileType = sourcecode.c.h; name = CMxReferenceClock.h; path = clock/CMxReferenceClock.h; sourceTree = "<group>"; };
		54D6AB4B21338DCD00B78108 /* CMxSchedule.cpp */ = {isa = PBXFileReference; fileEncoding = 4; lastKnownFileType = sourcecode.cpp.cpp; name = CMxSchedule.cpp; path = clock/CMxSchedule.cpp; sourceTree = "<group>"; };
		54D6AB4C21338DCD00B78108 /* CMxSchedule.h */ = {isa = PBXFileReference; fileEncoding = 4; lastKnownFileType = sourcecode.c.h; name = CMxSchedule.h; path = clock/CMxSchedule.h; sourceTree = "<group>"; };
		54D6AB5E2133AC1400B78108 /* CoreAudio.framework */ = {isa = PBXFileReference; lastKnownFileType = wrapper.framework; name = CoreAudio.framework; path = System/Library/Frameworks/CoreAudio.framework; sourceTree = SDKROOT; };
/* End PBXFileReference section */

/* Begin PBXFrameworksBuildPhase section */
		54C3C605212AF075009736A1 /* Frameworks */ = {
			isa = PBXFrameworksBuildPhase;
			buildActionMask = 2147483647;
			files = (
				54D6AB5F2133AC1400B78108 /* CoreAudio.framework in Frameworks */,
				54638AC7212E9873004EB5E4 /* libMxCoreD.dylib in Frameworks */,
				54638AD1212E989A004EB5E4 /* libswscale.5.dylib in Frameworks */,
				54638AD2212E989A004EB5E4 /* libavfilter.7.dylib in Frameworks */,
				54638AD3212E989A004EB5E4 /* libavformat.58.dylib in Frameworks */,
				54638AD4212E989A004EB5E4 /* libpostproc.55.dylib in Frameworks */,
				54638AD5212E989A004EB5E4 /* libavcodec.58.dylib in Frameworks */,
				54638AD6212E989A004EB5E4 /* libavdevice.58.dylib in Frameworks */,
				54638AD7212E989A004EB5E4 /* libavutil.56.dylib in Frameworks */,
				54638AD8212E989A004EB5E4 /* libswresample.3.dylib in Frameworks */,
			);
			runOnlyForDeploymentPostprocessing = 0;
		};
/* End PBXFrameworksBuildPhase section */

/* Begin PBXGroup section */
		54638AC6212E9873004EB5E4 /* Frameworks */ = {
			isa = PBXGroup;
			children = (
				54D6AB5E2133AC1400B78108 /* CoreAudio.framework */,
				54638ACD212E989A004EB5E4 /* libavcodec.58.dylib */,
				54638ACE212E989A004EB5E4 /* libavdevice.58.dylib */,
				54638ACA212E989A004EB5E4 /* libavfilter.7.dylib */,
				54638ACB212E989A004EB5E4 /* libavformat.58.dylib */,
				54638ACF212E989A004EB5E4 /* libavutil.56.dylib */,
				54638ACC212E989A004EB5E4 /* libpostproc.55.dylib */,
				54638AD0212E989A004EB5E4 /* libswresample.3.dylib */,
				54638AC9212E989A004EB5E4 /* libswscale.5.dylib */,
				54638AC8212E9873004EB5E4 /* libMxCoreD.dylib */,
			);
			name = Frameworks;
			sourceTree = "<group>";
		};
		54638AE1212FAC4E004EB5E4 /* clock */ = {
			isa = PBXGroup;
			children = (
				54D6AB4921338DCD00B78108 /* CMxMediaSysClock.cpp */,
				54D6AB4821338DCD00B78108 /* CMxMediaSysClock.h */,
				54D6AB4721338DCD00B78108 /* CMxReferenceClock.cpp */,
				54D6AB4A21338DCD00B78108 /* CMxReferenceClock.h */,
				54D6AB4B21338DCD00B78108 /* CMxSchedule.cpp */,
				54D6AB4C21338DCD00B78108 /* CMxSchedule.h */,
			);
			name = clock;
			sourceTree = "<group>";
		};
		54C3C5FF212AF075009736A1 = {
			isa = PBXGroup;
			children = (
				54638AE1212FAC4E004EB5E4 /* clock */,
				54638AD9212E98F2004EB5E4 /* CMxClock.cpp */,
				54638ADA212E98F2004EB5E4 /* CMxClock.h */,
				54C3C63B212AF309009736A1 /* MxDemuxer.cpp */,
				54C3C63A212AF308009736A1 /* MxDemuxer.h */,
				54C3C61F212AF22F009736A1 /* MxPlayer.h */,
				54C3C62A212AF230009736A1 /* MxVideoDecoder.cpp */,
				54C3C625212AF230009736A1 /* MxVideoDecoder.h */,
				54C3C620212AF22F009736A1 /* MxVideoPlayer.cpp */,
				54C3C623212AF230009736A1 /* MxVideoPlayer.h */,
				54C3C627212AF230009736A1 /* stdafx.cpp */,
				54C3C628212AF230009736A1 /* stdafx.h */,
				54C3C629212AF230009736A1 /* VideoDecoder.cpp */,
				54C3C621212AF22F009736A1 /* VideoDecoder.h */,
				54C3C609212AF075009736A1 /* Products */,
				54638AC6212E9873004EB5E4 /* Frameworks */,
			);
			sourceTree = "<group>";
		};
		54C3C609212AF075009736A1 /* Products */ = {
			isa = PBXGroup;
			children = (
				54C3C608212AF075009736A1 /* libMxPlayerD.dylib */,
			);
			name = Products;
			sourceTree = "<group>";
		};
/* End PBXGroup section */

/* Begin PBXHeadersBuildPhase section */
		54C3C606212AF075009736A1 /* Headers */ = {
			isa = PBXHeadersBuildPhase;
			buildActionMask = 2147483647;
			files = (
				54D6AB5021338DCD00B78108 /* CMxReferenceClock.h in Headers */,
				54C3C637212AF230009736A1 /* stdafx.h in Headers */,
				54C3C63C212AF309009736A1 /* MxDemuxer.h in Headers */,
				54C3C630212AF230009736A1 /* VideoDecoder.h in Headers */,
				54D6AB4E21338DCD00B78108 /* CMxMediaSysClock.h in Headers */,
				54638ADC212E98F2004EB5E4 /* CMxClock.h in Headers */,
				54D6AB5221338DCD00B78108 /* CMxSchedule.h in Headers */,
				54C3C632212AF230009736A1 /* MxVideoPlayer.h in Headers */,
				54C3C62E212AF230009736A1 /* MxPlayer.h in Headers */,
				54C3C634212AF230009736A1 /* MxVideoDecoder.h in Headers */,
			);
			runOnlyForDeploymentPostprocessing = 0;
		};
/* End PBXHeadersBuildPhase section */

/* Begin PBXNativeTarget section */
		54C3C607212AF075009736A1 /* MxPlayer */ = {
			isa = PBXNativeTarget;
			buildConfigurationList = 54C3C613212AF075009736A1 /* Build configuration list for PBXNativeTarget "MxPlayer" */;
			buildPhases = (
				54C3C604212AF075009736A1 /* Sources */,
				54C3C605212AF075009736A1 /* Frameworks */,
				54C3C606212AF075009736A1 /* Headers */,
			);
			buildRules = (
			);
			dependencies = (
			);
			name = MxPlayer;
			productName = MxPlayer;
			productReference = 54C3C608212AF075009736A1 /* libMxPlayerD.dylib */;
			productType = "com.apple.product-type.library.dynamic";
		};
/* End PBXNativeTarget section */

/* Begin PBXProject section */
		54C3C600212AF075009736A1 /* Project object */ = {
			isa = PBXProject;
			attributes = {
				LastUpgradeCheck = 0900;
				ORGANIZATIONNAME = lixiaopeng;
				TargetAttributes = {
					54C3C607212AF075009736A1 = {
						CreatedOnToolsVersion = 9.0;
						ProvisioningStyle = Automatic;
					};
				};
			};
			buildConfigurationList = 54C3C603212AF075009736A1 /* Build configuration list for PBXProject "MxPlayer" */;
			compatibilityVersion = "Xcode 8.0";
			developmentRegion = en;
			hasScannedForEncodings = 0;
			knownRegions = (
				en,
			);
			mainGroup = 54C3C5FF212AF075009736A1;
			productRefGroup = 54C3C609212AF075009736A1 /* Products */;
			projectDirPath = "";
			projectRoot = "";
			targets = (
				54C3C607212AF075009736A1 /* MxPlayer */,
			);
		};
/* End PBXProject section */

/* Begin PBXSourcesBuildPhase section */
		54C3C604212AF075009736A1 /* Sources */ = {
			isa = PBXSourcesBuildPhase;
			buildActionMask = 2147483647;
			files = (
				54D6AB4F21338DCD00B78108 /* CMxMediaSysClock.cpp in Sources */,
				54C3C638212AF230009736A1 /* VideoDecoder.cpp in Sources */,
				54C3C639212AF230009736A1 /* MxVideoDecoder.cpp in Sources */,
				54D6AB4D21338DCD00B78108 /* CMxReferenceClock.cpp in Sources */,
				54C3C63D212AF309009736A1 /* MxDemuxer.cpp in Sources */,
				54D6AB5121338DCD00B78108 /* CMxSchedule.cpp in Sources */,
				54C3C62F212AF230009736A1 /* MxVideoPlayer.cpp in Sources */,
				54C3C636212AF230009736A1 /* stdafx.cpp in Sources */,
				54638ADB212E98F2004EB5E4 /* CMxClock.cpp in Sources */,
			);
			runOnlyForDeploymentPostprocessing = 0;
		};
/* End PBXSourcesBuildPhase section */

/* Begin XCBuildConfiguration section */
		54C3C611212AF075009736A1 /* Debug */ = {
			isa = XCBuildConfiguration;
			buildSettings = {
				ALWAYS_SEARCH_USER_PATHS = NO;
				CLANG_ANALYZER_NONNULL = YES;
				CLANG_ANALYZER_NUMBER_OBJECT_CONVERSION = YES_AGGRESSIVE;
				CLANG_CXX_LANGUAGE_STANDARD = "gnu++14";
				CLANG_CXX_LIBRARY = "libc++";
				CLANG_ENABLE_MODULES = YES;
				CLANG_ENABLE_OBJC_ARC = YES;
				CLANG_WARN_BLOCK_CAPTURE_AUTORELEASING = YES;
				CLANG_WARN_BOOL_CONVERSION = YES;
				CLANG_WARN_COMMA = YES;
				CLANG_WARN_CONSTANT_CONVERSION = YES;
				CLANG_WARN_DIRECT_OBJC_ISA_USAGE = YES_ERROR;
				CLANG_WARN_DOCUMENTATION_COMMENTS = YES;
				CLANG_WARN_EMPTY_BODY = YES;
				CLANG_WARN_ENUM_CONVERSION = YES;
				CLANG_WARN_INFINITE_RECURSION = YES;
				CLANG_WARN_INT_CONVERSION = YES;
				CLANG_WARN_NON_LITERAL_NULL_CONVERSION = YES;
				CLANG_WARN_OBJC_LITERAL_CONVERSION = YES;
				CLANG_WARN_OBJC_ROOT_CLASS = YES_ERROR;
				CLANG_WARN_RANGE_LOOP_ANALYSIS = YES;
				CLANG_WARN_STRICT_PROTOTYPES = YES;
				CLANG_WARN_SUSPICIOUS_MOVE = YES;
				CLANG_WARN_UNGUARDED_AVAILABILITY = YES_AGGRESSIVE;
				CLANG_WARN_UNREACHABLE_CODE = YES;
				CLANG_WARN__DUPLICATE_METHOD_MATCH = YES;
				CODE_SIGN_IDENTITY = "-";
				COPY_PHASE_STRIP = NO;
				DEBUG_INFORMATION_FORMAT = dwarf;
				ENABLE_STRICT_OBJC_MSGSEND = YES;
				ENABLE_TESTABILITY = YES;
				GCC_C_LANGUAGE_STANDARD = gnu11;
				GCC_DYNAMIC_NO_PIC = NO;
				GCC_NO_COMMON_BLOCKS = YES;
				GCC_OPTIMIZATION_LEVEL = 0;
				GCC_PREPROCESSOR_DEFINITIONS = (
					"DEBUG=1",
					"$(inherited)",
				);
				GCC_WARN_64_TO_32_BIT_CONVERSION = YES;
				GCC_WARN_ABOUT_RETURN_TYPE = YES_ERROR;
				GCC_WARN_UNDECLARED_SELECTOR = YES;
				GCC_WARN_UNINITIALIZED_AUTOS = YES_AGGRESSIVE;
				GCC_WARN_UNUSED_FUNCTION = YES;
				GCC_WARN_UNUSED_VARIABLE = YES;
				MACOSX_DEPLOYMENT_TARGET = 10.12;
				MTL_ENABLE_DEBUG_INFO = YES;
				ONLY_ACTIVE_ARCH = YES;
				SDKROOT = macosx;
			};
			name = Debug;
		};
		54C3C612212AF075009736A1 /* Release */ = {
			isa = XCBuildConfiguration;
			buildSettings = {
				ALWAYS_SEARCH_USER_PATHS = NO;
				CLANG_ANALYZER_NONNULL = YES;
				CLANG_ANALYZER_NUMBER_OBJECT_CONVERSION = YES_AGGRESSIVE;
				CLANG_CXX_LANGUAGE_STANDARD = "gnu++14";
				CLANG_CXX_LIBRARY = "libc++";
				CLANG_ENABLE_MODULES = YES;
				CLANG_ENABLE_OBJC_ARC = YES;
				CLANG_WARN_BLOCK_CAPTURE_AUTORELEASING = YES;
				CLANG_WARN_BOOL_CONVERSION = YES;
				CLANG_WARN_COMMA = YES;
				CLANG_WARN_CONSTANT_CONVERSION = YES;
				CLANG_WARN_DIRECT_OBJC_ISA_USAGE = YES_ERROR;
				CLANG_WARN_DOCUMENTATION_COMMENTS = YES;
				CLANG_WARN_EMPTY_BODY = YES;
				CLANG_WARN_ENUM_CONVERSION = YES;
				CLANG_WARN_INFINITE_RECURSION = YES;
				CLANG_WARN_INT_CONVERSION = YES;
				CLANG_WARN_NON_LITERAL_NULL_CONVERSION = YES;
				CLANG_WARN_OBJC_LITERAL_CONVERSION = YES;
				CLANG_WARN_OBJC_ROOT_CLASS = YES_ERROR;
				CLANG_WARN_RANGE_LOOP_ANALYSIS = YES;
				CLANG_WARN_STRICT_PROTOTYPES = YES;
				CLANG_WARN_SUSPICIOUS_MOVE = YES;
				CLANG_WARN_UNGUARDED_AVAILABILITY = YES_AGGRESSIVE;
				CLANG_WARN_UNREACHABLE_CODE = YES;
				CLANG_WARN__DUPLICATE_METHOD_MATCH = YES;
				CODE_SIGN_IDENTITY = "-";
				COPY_PHASE_STRIP = NO;
				DEBUG_INFORMATION_FORMAT = "dwarf-with-dsym";
				ENABLE_NS_ASSERTIONS = NO;
				ENABLE_STRICT_OBJC_MSGSEND = YES;
				GCC_C_LANGUAGE_STANDARD = gnu11;
				GCC_NO_COMMON_BLOCKS = YES;
				GCC_WARN_64_TO_32_BIT_CONVERSION = YES;
				GCC_WARN_ABOUT_RETURN_TYPE = YES_ERROR;
				GCC_WARN_UNDECLARED_SELECTOR = YES;
				GCC_WARN_UNINITIALIZED_AUTOS = YES_AGGRESSIVE;
				GCC_WARN_UNUSED_FUNCTION = YES;
				GCC_WARN_UNUSED_VARIABLE = YES;
				MACOSX_DEPLOYMENT_TARGET = 10.12;
				MTL_ENABLE_DEBUG_INFO = NO;
				SDKROOT = macosx;
			};
			name = Release;
		};
		54C3C614212AF075009736A1 /* Debug */ = {
			isa = XCBuildConfiguration;
			buildSettings = {
				CODE_SIGN_STYLE = Automatic;
				DYLIB_COMPATIBILITY_VERSION = 1;
				DYLIB_CURRENT_VERSION = 1;
				EXECUTABLE_PREFIX = lib;
				GCC_ENABLE_CPP_EXCEPTIONS = YES;
				GCC_ENABLE_CPP_RTTI = YES;
				GCC_INPUT_FILETYPE = sourcecode.cpp.objcpp;
				GCC_PRECOMPILE_PREFIX_HEADER = YES;
				GCC_PREFIX_HEADER = stdafx.h;
				GCC_SYMBOLS_PRIVATE_EXTERN = YES;
				HEADER_SEARCH_PATHS = (
					../include,
					../include/ffmpeg/include,
				);
				INSTALL_PATH = "@rpath";
				LD_RUNPATH_SEARCH_PATHS = "@loader_path @executable_path";
				LIBRARY_SEARCH_PATHS = (
					../dylib,
					bin/mac/$CONFIGURATION,
				);
				OBJROOT = build;
				PRODUCT_NAME = "$(TARGET_NAME)D";
				SYMROOT = ../bin/mac/$CONFIGURATION;
			};
			name = Debug;
		};
		54C3C615212AF075009736A1 /* Release */ = {
			isa = XCBuildConfiguration;
			buildSettings = {
				CODE_SIGN_STYLE = Automatic;
				DYLIB_COMPATIBILITY_VERSION = 1;
				DYLIB_CURRENT_VERSION = 1;
				EXECUTABLE_PREFIX = lib;
				GCC_ENABLE_CPP_EXCEPTIONS = YES;
				GCC_ENABLE_CPP_RTTI = YES;
				GCC_INPUT_FILETYPE = sourcecode.cpp.objcpp;
				GCC_PRECOMPILE_PREFIX_HEADER = YES;
				GCC_PREFIX_HEADER = stdafx.h;
				GCC_SYMBOLS_PRIVATE_EXTERN = YES;
				HEADER_SEARCH_PATHS = (
					../include,
					../include/ffmpeg/include,
				);
				INSTALL_PATH = "@rpath";
				LD_RUNPATH_SEARCH_PATHS = "@loader_path @executable_path";
				LIBRARY_SEARCH_PATHS = (
					../dylib,
					bin/mac/$CONFIGURATION,
				);
				OBJROOT = build;
				PRODUCT_NAME = "$(TARGET_NAME)";
				SYMROOT = ../bin/mac/$CONFIGURATION;
			};
			name = Release;
		};
/* End XCBuildConfiguration section */

/* Begin XCConfigurationList section */
		54C3C603212AF075009736A1 /* Build configuration list for PBXProject "MxPlayer" */ = {
			isa = XCConfigurationList;
			buildConfigurations = (
				54C3C611212AF075009736A1 /* Debug */,
				54C3C612212AF075009736A1 /* Release */,
			);
			defaultConfigurationIsVisible = 0;
			defaultConfigurationName = Release;
		};
		54C3C613212AF075009736A1 /* Build configuration list for PBXNativeTarget "MxPlayer" */ = {
			isa = XCConfigurationList;
			buildConfigurations = (
				54C3C614212AF075009736A1 /* Debug */,
				54C3C615212AF075009736A1 /* Release */,
			);
			defaultConfigurationIsVisible = 0;
			defaultConfigurationName = Release;
		};
/* End XCConfigurationList section */
	};
	rootObject = 54C3C600212AF075009736A1 /* Project object */;
}
